// !$*UTF8*$!
{
	archiveVersion = 1;
	classes = {
	};
	objectVersion = 46;
	objects = {

/* Begin PBXBuildFile section */
		B327FD3017A59A9500D3D29F /* MCController.m in Sources */ = {isa = PBXBuildFile; fileRef = B327FD2F17A59A9500D3D29F /* MCController.m */; };
		B32E63DE17A2EC25004236A0 /* libDTCoreText.a in Frameworks */ = {isa = PBXBuildFile; fileRef = B32E63D317A2EAC3004236A0 /* libDTCoreText.a */; };
		B32E63E017A2EC41004236A0 /* libxml2.dylib in Frameworks */ = {isa = PBXBuildFile; fileRef = B32E63DF17A2EC41004236A0 /* libxml2.dylib */; };
		B32E63E217A2EC49004236A0 /* ImageIO.framework in Frameworks */ = {isa = PBXBuildFile; fileRef = B32E63E117A2EC49004236A0 /* ImageIO.framework */; };
		B32E63E417A2EC4F004236A0 /* QuartzCore.framework in Frameworks */ = {isa = PBXBuildFile; fileRef = B32E63E317A2EC4F004236A0 /* QuartzCore.framework */; };
		B32E63E617A2EC59004236A0 /* CoreText.framework in Frameworks */ = {isa = PBXBuildFile; fileRef = B32E63E517A2EC59004236A0 /* CoreText.framework */; };
		B32E63E817A2EC61004236A0 /* MobileCoreServices.framework in Frameworks */ = {isa = PBXBuildFile; fileRef = B32E63E717A2EC61004236A0 /* MobileCoreServices.framework */; };
		B3D479B117A6F89E0067C957 /* Security.framework in Frameworks */ = {isa = PBXBuildFile; fileRef = B3D479B017A6F89E0067C957 /* Security.framework */; };
		B3DA4FD517A9BD8E00420453 /* GoogleMailAccount.m in Sources */ = {isa = PBXBuildFile; fileRef = B3DA4FD417A9BD8E00420453 /* GoogleMailAccount.m */; };
		B3DAB6A417AEDB1600522F46 /* JSBackspaceReportingTextField.m in Sources */ = {isa = PBXBuildFile; fileRef = B3DAB69E17AEDB1600522F46 /* JSBackspaceReportingTextField.m */; settings = {COMPILER_FLAGS = "-fno-objc-arc"; }; };
		B3DAB6A517AEDB1600522F46 /* JSTokenButton.m in Sources */ = {isa = PBXBuildFile; fileRef = B3DAB6A017AEDB1600522F46 /* JSTokenButton.m */; settings = {COMPILER_FLAGS = "-fno-objc-arc"; }; };
		B3DAB6A617AEDB1600522F46 /* JSTokenField.m in Sources */ = {isa = PBXBuildFile; fileRef = B3DAB6A317AEDB1600522F46 /* JSTokenField.m */; settings = {COMPILER_FLAGS = "-fno-objc-arc"; }; };
		B3DC2B6517AABD44003F0802 /* TimeExecutionTracker.m in Sources */ = {isa = PBXBuildFile; fileRef = B3DC2B6417AABD44003F0802 /* TimeExecutionTracker.m */; };
		B3E5B33B17B04E8C009FC97B /* AccountsViewController.m in Sources */ = {isa = PBXBuildFile; fileRef = B3E5B33017B04E8C009FC97B /* AccountsViewController.m */; };
		B3E5B33C17B04E8C009FC97B /* AddAccountViewController.m in Sources */ = {isa = PBXBuildFile; fileRef = B3E5B33217B04E8C009FC97B /* AddAccountViewController.m */; };
		B3E5B33D17B04E8C009FC97B /* ComposeMessageViewController.m in Sources */ = {isa = PBXBuildFile; fileRef = B3E5B33417B04E8C009FC97B /* ComposeMessageViewController.m */; };
		B3E5B33E17B04E8C009FC97B /* FoldersViewController.m in Sources */ = {isa = PBXBuildFile; fileRef = B3E5B33617B04E8C009FC97B /* FoldersViewController.m */; };
		B3E5B33F17B04E8C009FC97B /* PopoverBackgroundView.m in Sources */ = {isa = PBXBuildFile; fileRef = B3E5B33817B04E8C009FC97B /* PopoverBackgroundView.m */; };
		B3E5B34017B04E8C009FC97B /* PopoverContentViewController.m in Sources */ = {isa = PBXBuildFile; fileRef = B3E5B33A17B04E8C009FC97B /* PopoverContentViewController.m */; };
		B3E5B35E17B04EFF009FC97B /* attachment@2x.png in Resources */ = {isa = PBXBuildFile; fileRef = B3E5B34317B04EFF009FC97B /* attachment@2x.png */; };
		B3E5B35F17B04EFF009FC97B /* attachment_header@2x.png in Resources */ = {isa = PBXBuildFile; fileRef = B3E5B34417B04EFF009FC97B /* attachment_header@2x.png */; };
		B3E5B36017B04EFF009FC97B /* CircleArrowDown_sml.png in Resources */ = {isa = PBXBuildFile; fileRef = B3E5B34517B04EFF009FC97B /* CircleArrowDown_sml.png */; };
		B3E5B36117B04EFF009FC97B /* CircleArrowRight_sml.png in Resources */ = {isa = PBXBuildFile; fileRef = B3E5B34617B04EFF009FC97B /* CircleArrowRight_sml.png */; };
		B3E5B36217B04EFF009FC97B /* copymove-cell-bg.png in Resources */ = {isa = PBXBuildFile; fileRef = B3E5B34717B04EFF009FC97B /* copymove-cell-bg.png */; };
		B3E5B36317B04EFF009FC97B /* create-email-nav-bar-button.png in Resources */ = {isa = PBXBuildFile; fileRef = B3E5B34817B04EFF009FC97B /* create-email-nav-bar-button.png */; };
		B3E5B36417B04EFF009FC97B /* create-email-nav-bar-button@2x.png in Resources */ = {isa = PBXBuildFile; fileRef = B3E5B34917B04EFF009FC97B /* create-email-nav-bar-button@2x.png */; };
		B3E5B36517B04EFF009FC97B /* Default-568h@2x.png in Resources */ = {isa = PBXBuildFile; fileRef = B3E5B34A17B04EFF009FC97B /* Default-568h@2x.png */; };
		B3E5B36617B04EFF009FC97B /* Default.png in Resources */ = {isa = PBXBuildFile; fileRef = B3E5B34B17B04EFF009FC97B /* Default.png */; };
		B3E5B36717B04EFF009FC97B /* Default@2x.png in Resources */ = {isa = PBXBuildFile; fileRef = B3E5B34C17B04EFF009FC97B /* Default@2x.png */; };
		B3E5B36817B04EFF009FC97B /* item-counter.png in Resources */ = {isa = PBXBuildFile; fileRef = B3E5B34D17B04EFF009FC97B /* item-counter.png */; };
		B3E5B36917B04EFF009FC97B /* item-counter@2x.png in Resources */ = {isa = PBXBuildFile; fileRef = B3E5B34E17B04EFF009FC97B /* item-counter@2x.png */; };
		B3E5B36A17B04EFF009FC97B /* item-icon-folder-selected.png in Resources */ = {isa = PBXBuildFile; fileRef = B3E5B34F17B04EFF009FC97B /* item-icon-folder-selected.png */; };
		B3E5B36B17B04EFF009FC97B /* item-icon-folder-selected@2x.png in Resources */ = {isa = PBXBuildFile; fileRef = B3E5B35017B04EFF009FC97B /* item-icon-folder-selected@2x.png */; };
		B3E5B36C17B04EFF009FC97B /* item-icon-folder.png in Resources */ = {isa = PBXBuildFile; fileRef = B3E5B35117B04EFF009FC97B /* item-icon-folder.png */; };
		B3E5B36D17B04EFF009FC97B /* item-icon-folder@2x.png in Resources */ = {isa = PBXBuildFile; fileRef = B3E5B35217B04EFF009FC97B /* item-icon-folder@2x.png */; };
		B3E5B36E17B04EFF009FC97B /* mail.png in Resources */ = {isa = PBXBuildFile; fileRef = B3E5B35317B04EFF009FC97B /* mail.png */; };
		B3E5B36F17B04EFF009FC97B /* mail_open.png in Resources */ = {isa = PBXBuildFile; fileRef = B3E5B35417B04EFF009FC97B /* mail_open.png */; };
		B3E5B37017B04EFF009FC97B /* mainSplitterBar.png in Resources */ = {isa = PBXBuildFile; fileRef = B3E5B35517B04EFF009FC97B /* mainSplitterBar.png */; };
		B3E5B37117B04EFF009FC97B /* mainSplitterBar@2x.png in Resources */ = {isa = PBXBuildFile; fileRef = B3E5B35617B04EFF009FC97B /* mainSplitterBar@2x.png */; };
		B3E5B37217B04EFF009FC97B /* mainSplitterBarVertical.png in Resources */ = {isa = PBXBuildFile; fileRef = B3E5B35717B04EFF009FC97B /* mainSplitterBarVertical.png */; };
		B3E5B37317B04EFF009FC97B /* mainSplitterBarVertical@2x.png in Resources */ = {isa = PBXBuildFile; fileRef = B3E5B35817B04EFF009FC97B /* mainSplitterBarVertical@2x.png */; };
		B3E5B37417B04EFF009FC97B /* note-background-gradient@2x.png in Resources */ = {isa = PBXBuildFile; fileRef = B3E5B35917B04EFF009FC97B /* note-background-gradient@2x.png */; };
		B3E5B37517B04EFF009FC97B /* tokenHighlighted.png in Resources */ = {isa = PBXBuildFile; fileRef = B3E5B35A17B04EFF009FC97B /* tokenHighlighted.png */; };
		B3E5B37617B04EFF009FC97B /* tokenHighlighted@2x.png in Resources */ = {isa = PBXBuildFile; fileRef = B3E5B35B17B04EFF009FC97B /* tokenHighlighted@2x.png */; };
		B3E5B37717B04EFF009FC97B /* tokenNormal.png in Resources */ = {isa = PBXBuildFile; fileRef = B3E5B35C17B04EFF009FC97B /* tokenNormal.png */; };
		B3E5B37817B04EFF009FC97B /* tokenNormal@2x.png in Resources */ = {isa = PBXBuildFile; fileRef = B3E5B35D17B04EFF009FC97B /* tokenNormal@2x.png */; };
		B3E5B38017B04F37009FC97B /* MCButton.m in Sources */ = {isa = PBXBuildFile; fileRef = B3E5B37A17B04F37009FC97B /* MCButton.m */; };
		B3E5B38117B04F37009FC97B /* MCTreeItem.m in Sources */ = {isa = PBXBuildFile; fileRef = B3E5B37D17B04F37009FC97B /* MCTreeItem.m */; };
		B3E5B38217B04F37009FC97B /* MCTreeTableViewCell.m in Sources */ = {isa = PBXBuildFile; fileRef = B3E5B37F17B04F37009FC97B /* MCTreeTableViewCell.m */; };
		B3EF657D17A11C7E00369805 /* UIKit.framework in Frameworks */ = {isa = PBXBuildFile; fileRef = B3EF657C17A11C7E00369805 /* UIKit.framework */; };
		B3EF657F17A11C7E00369805 /* Foundation.framework in Frameworks */ = {isa = PBXBuildFile; fileRef = B3EF657E17A11C7E00369805 /* Foundation.framework */; };
		B3EF658117A11C7E00369805 /* CoreGraphics.framework in Frameworks */ = {isa = PBXBuildFile; fileRef = B3EF658017A11C7E00369805 /* CoreGraphics.framework */; };
		B3EF658317A11C7E00369805 /* CoreData.framework in Frameworks */ = {isa = PBXBuildFile; fileRef = B3EF658217A11C7E00369805 /* CoreData.framework */; };
		B3EF658917A11C7E00369805 /* InfoPlist.strings in Resources */ = {isa = PBXBuildFile; fileRef = B3EF658717A11C7E00369805 /* InfoPlist.strings */; };
		B3EF658B17A11C7E00369805 /* main.m in Sources */ = {isa = PBXBuildFile; fileRef = B3EF658A17A11C7E00369805 /* main.m */; };
		B3EF659817A11C7E00369805 /* MainStoryboard.storyboard in Resources */ = {isa = PBXBuildFile; fileRef = B3EF659617A11C7E00369805 /* MainStoryboard.storyboard */; };
		B3EF659B17A11C7E00369805 /* MailClient.xcdatamodeld in Sources */ = {isa = PBXBuildFile; fileRef = B3EF659917A11C7E00369805 /* MailClient.xcdatamodeld */; };
		B3EF65E517A1307000369805 /* libmailcore.a in Frameworks */ = {isa = PBXBuildFile; fileRef = B3EF65BA17A1258300369805 /* libmailcore.a */; };
		B3EF65E717A1308600369805 /* libssl.a in Frameworks */ = {isa = PBXBuildFile; fileRef = B3EF65E617A1308600369805 /* libssl.a */; };
		B3EF65E917A1309800369805 /* libsasl2.a in Frameworks */ = {isa = PBXBuildFile; fileRef = B3EF65E817A1309800369805 /* libsasl2.a */; };
		B3EF65EB17A130A500369805 /* libcrypto.a in Frameworks */ = {isa = PBXBuildFile; fileRef = B3EF65EA17A130A500369805 /* libcrypto.a */; };
		B3EF65ED17A130AF00369805 /* libiconv.dylib in Frameworks */ = {isa = PBXBuildFile; fileRef = B3EF65EC17A130AF00369805 /* libiconv.dylib */; };
		B3EF65EF17A130B700369805 /* CFNetwork.framework in Frameworks */ = {isa = PBXBuildFile; fileRef = B3EF65EE17A130B700369805 /* CFNetwork.framework */; };
		B3EFA06117A522F000012134 /* NSSet+Additions.m in Sources */ = {isa = PBXBuildFile; fileRef = B3EFA05E17A522F000012134 /* NSSet+Additions.m */; };
		B3EFA06217A522F000012134 /* NSString+Additions.m in Sources */ = {isa = PBXBuildFile; fileRef = B3EFA06017A522F000012134 /* NSString+Additions.m */; };
		B3EFA06617A5239100012134 /* AppDelegate.m in Sources */ = {isa = PBXBuildFile; fileRef = B3EFA06517A5239100012134 /* AppDelegate.m */; };
/* End PBXBuildFile section */

/* Begin PBXContainerItemProxy section */
		B32E63CE17A2EAC3004236A0 /* PBXContainerItemProxy */ = {
			isa = PBXContainerItemProxy;
			containerPortal = B32E63C217A2EAC0004236A0 /* DTCoreText.xcodeproj */;
			proxyType = 2;
			remoteGlobalIDString = 1D6058910D05DD3D006BFB54;
			remoteInfo = DemoApp;
		};
		B32E63D017A2EAC3004236A0 /* PBXContainerItemProxy */ = {
			isa = PBXContainerItemProxy;
			containerPortal = B32E63C217A2EAC0004236A0 /* DTCoreText.xcodeproj */;
			proxyType = 2;
			remoteGlobalIDString = A70F119B14863198009202BF;
			remoteInfo = "Static Framework";
		};
		B32E63D217A2EAC3004236A0 /* PBXContainerItemProxy */ = {
			isa = PBXContainerItemProxy;
			containerPortal = B32E63C217A2EAC0004236A0 /* DTCoreText.xcodeproj */;
			proxyType = 2;
			remoteGlobalIDString = A70F11DE148632CD009202BF;
			remoteInfo = "Static Library";
		};
		B32E63D417A2EAC3004236A0 /* PBXContainerItemProxy */ = {
			isa = PBXContainerItemProxy;
			containerPortal = B32E63C217A2EAC0004236A0 /* DTCoreText.xcodeproj */;
			proxyType = 2;
			remoteGlobalIDString = A788CA681486456100E1AFD9;
			remoteInfo = UnitTest;
		};
		B32E63D617A2EAC3004236A0 /* PBXContainerItemProxy */ = {
			isa = PBXContainerItemProxy;
			containerPortal = B32E63C217A2EAC0004236A0 /* DTCoreText.xcodeproj */;
			proxyType = 2;
			remoteGlobalIDString = A7949A5814CC456000A8CCDE;
			remoteInfo = MacUnitTest;
		};
		B32E63D817A2EAC3004236A0 /* PBXContainerItemProxy */ = {
			isa = PBXContainerItemProxy;
			containerPortal = B32E63C217A2EAC0004236A0 /* DTCoreText.xcodeproj */;
			proxyType = 2;
			remoteGlobalIDString = A7F7EFCD1573603100F5A4D0;
			remoteInfo = "Static Library (no DTFoundation)";
		};
		B32E63DA17A2EAC3004236A0 /* PBXContainerItemProxy */ = {
			isa = PBXContainerItemProxy;
			containerPortal = B32E63C217A2EAC0004236A0 /* DTCoreText.xcodeproj */;
			proxyType = 2;
			remoteGlobalIDString = E2262DC61638331500BFDAD7;
			remoteInfo = "Mac Framework";
		};
		B3EF65B717A1258300369805 /* PBXContainerItemProxy */ = {
			isa = PBXContainerItemProxy;
			containerPortal = B3EF65AC17A1257A00369805 /* MailCore.xcodeproj */;
			proxyType = 2;
			remoteGlobalIDString = 8DC2EF5B0486A6940098B216;
			remoteInfo = MailCore;
		};
		B3EF65B917A1258300369805 /* PBXContainerItemProxy */ = {
			isa = PBXContainerItemProxy;
			containerPortal = B3EF65AC17A1257A00369805 /* MailCore.xcodeproj */;
			proxyType = 2;
			remoteGlobalIDString = F8618B5710DADB5C00C41188;
			remoteInfo = "MailCore iOS";
		};
		B3EF65BB17A1258300369805 /* PBXContainerItemProxy */ = {
			isa = PBXContainerItemProxy;
			containerPortal = B3EF65AC17A1257A00369805 /* MailCore.xcodeproj */;
			proxyType = 2;
			remoteGlobalIDString = F8DFCF4915801A5000C01975;
			remoteInfo = Tests;
		};
		B3EF65F017A1312B00369805 /* PBXContainerItemProxy */ = {
			isa = PBXContainerItemProxy;
			containerPortal = B3EF65AC17A1257A00369805 /* MailCore.xcodeproj */;
			proxyType = 1;
			remoteGlobalIDString = F8618B5610DADB5C00C41188;
			remoteInfo = "MailCore iOS";
		};
/* End PBXContainerItemProxy section */

/* Begin PBXFileReference section */
		B327FD2E17A59A9500D3D29F /* MCController.h */ = {isa = PBXFileReference; fileEncoding = 4; lastKnownFileType = sourcecode.c.h; name = MCController.h; path = Misc/MCController.h; sourceTree = "<group>"; };
		B327FD2F17A59A9500D3D29F /* MCController.m */ = {isa = PBXFileReference; fileEncoding = 4; lastKnownFileType = sourcecode.c.objc; name = MCController.m; path = Misc/MCController.m; sourceTree = "<group>"; };
		B32E63C217A2EAC0004236A0 /* DTCoreText.xcodeproj */ = {isa = PBXFileReference; lastKnownFileType = "wrapper.pb-project"; name = DTCoreText.xcodeproj; path = Externals/DTCoreText/DTCoreText.xcodeproj; sourceTree = "<group>"; };
		B32E63DF17A2EC41004236A0 /* libxml2.dylib */ = {isa = PBXFileReference; lastKnownFileType = "compiled.mach-o.dylib"; name = libxml2.dylib; path = usr/lib/libxml2.dylib; sourceTree = SDKROOT; };
		B32E63E117A2EC49004236A0 /* ImageIO.framework */ = {isa = PBXFileReference; lastKnownFileType = wrapper.framework; name = ImageIO.framework; path = System/Library/Frameworks/ImageIO.framework; sourceTree = SDKROOT; };
		B32E63E317A2EC4F004236A0 /* QuartzCore.framework */ = {isa = PBXFileReference; lastKnownFileType = wrapper.framework; name = QuartzCore.framework; path = System/Library/Frameworks/QuartzCore.framework; sourceTree = SDKROOT; };
		B32E63E517A2EC59004236A0 /* CoreText.framework */ = {isa = PBXFileReference; lastKnownFileType = wrapper.framework; name = CoreText.framework; path = System/Library/Frameworks/CoreText.framework; sourceTree = SDKROOT; };
		B32E63E717A2EC61004236A0 /* MobileCoreServices.framework */ = {isa = PBXFileReference; lastKnownFileType = wrapper.framework; name = MobileCoreServices.framework; path = System/Library/Frameworks/MobileCoreServices.framework; sourceTree = SDKROOT; };
		B3D479B017A6F89E0067C957 /* Security.framework */ = {isa = PBXFileReference; lastKnownFileType = wrapper.framework; name = Security.framework; path = System/Library/Frameworks/Security.framework; sourceTree = SDKROOT; };
		B3DA4FD317A9BD8E00420453 /* GoogleMailAccount.h */ = {isa = PBXFileReference; fileEncoding = 4; lastKnownFileType = sourcecode.c.h; name = GoogleMailAccount.h; path = Model/GoogleMailAccount.h; sourceTree = "<group>"; };
		B3DA4FD417A9BD8E00420453 /* GoogleMailAccount.m */ = {isa = PBXFileReference; fileEncoding = 4; lastKnownFileType = sourcecode.c.objc; name = GoogleMailAccount.m; path = Model/GoogleMailAccount.m; sourceTree = "<group>"; };
		B3DAB69D17AEDB1600522F46 /* JSBackspaceReportingTextField.h */ = {isa = PBXFileReference; fileEncoding = 4; lastKnownFileType = sourcecode.c.h; path = JSBackspaceReportingTextField.h; sourceTree = "<group>"; };
		B3DAB69E17AEDB1600522F46 /* JSBackspaceReportingTextField.m */ = {isa = PBXFileReference; fileEncoding = 4; lastKnownFileType = sourcecode.c.objc; path = JSBackspaceReportingTextField.m; sourceTree = "<group>"; };
		B3DAB69F17AEDB1600522F46 /* JSTokenButton.h */ = {isa = PBXFileReference; fileEncoding = 4; lastKnownFileType = sourcecode.c.h; path = JSTokenButton.h; sourceTree = "<group>"; };
		B3DAB6A017AEDB1600522F46 /* JSTokenButton.m */ = {isa = PBXFileReference; fileEncoding = 4; lastKnownFileType = sourcecode.c.objc; path = JSTokenButton.m; sourceTree = "<group>"; };
		B3DAB6A117AEDB1600522F46 /* JSTokenField-Prefix.pch */ = {isa = PBXFileReference; fileEncoding = 4; lastKnownFileType = sourcecode.c.h; path = "JSTokenField-Prefix.pch"; sourceTree = "<group>"; };
		B3DAB6A217AEDB1600522F46 /* JSTokenField.h */ = {isa = PBXFileReference; fileEncoding = 4; lastKnownFileType = sourcecode.c.h; path = JSTokenField.h; sourceTree = "<group>"; };
		B3DAB6A317AEDB1600522F46 /* JSTokenField.m */ = {isa = PBXFileReference; fileEncoding = 4; lastKnownFileType = sourcecode.c.objc; path = JSTokenField.m; sourceTree = "<group>"; };
		B3DC2B6317AABD44003F0802 /* TimeExecutionTracker.h */ = {isa = PBXFileReference; fileEncoding = 4; lastKnownFileType = sourcecode.c.h; name = TimeExecutionTracker.h; path = Misc/TimeExecutionTracker.h; sourceTree = "<group>"; };
		B3DC2B6417AABD44003F0802 /* TimeExecutionTracker.m */ = {isa = PBXFileReference; fileEncoding = 4; lastKnownFileType = sourcecode.c.objc; name = TimeExecutionTracker.m; path = Misc/TimeExecutionTracker.m; sourceTree = "<group>"; };
		B3DC2B7117AAE7BA003F0802 /* Constants.h */ = {isa = PBXFileReference; lastKnownFileType = sourcecode.c.h; name = Constants.h; path = Misc/Constants.h; sourceTree = "<group>"; };
		B3E5B32E17B02B39009FC97B /* AppConfig.h */ = {isa = PBXFileReference; lastKnownFileType = sourcecode.c.h; path = AppConfig.h; sourceTree = "<group>"; };
		B3E5B32F17B04E8C009FC97B /* AccountsViewController.h */ = {isa = PBXFileReference; fileEncoding = 4; lastKnownFileType = sourcecode.c.h; path = AccountsViewController.h; sourceTree = "<group>"; };
		B3E5B33017B04E8C009FC97B /* AccountsViewController.m */ = {isa = PBXFileReference; fileEncoding = 4; lastKnownFileType = sourcecode.c.objc; path = AccountsViewController.m; sourceTree = "<group>"; };
		B3E5B33117B04E8C009FC97B /* AddAccountViewController.h */ = {isa = PBXFileReference; fileEncoding = 4; lastKnownFileType = sourcecode.c.h; path = AddAccountViewController.h; sourceTree = "<group>"; };
		B3E5B33217B04E8C009FC97B /* AddAccountViewController.m */ = {isa = PBXFileReference; fileEncoding = 4; lastKnownFileType = sourcecode.c.objc; path = AddAccountViewController.m; sourceTree = "<group>"; };
		B3E5B33317B04E8C009FC97B /* ComposeMessageViewController.h */ = {isa = PBXFileReference; fileEncoding = 4; lastKnownFileType = sourcecode.c.h; path = ComposeMessageViewController.h; sourceTree = "<group>"; };
		B3E5B33417B04E8C009FC97B /* ComposeMessageViewController.m */ = {isa = PBXFileReference; fileEncoding = 4; lastKnownFileType = sourcecode.c.objc; path = ComposeMessageViewController.m; sourceTree = "<group>"; };
		B3E5B33517B04E8C009FC97B /* FoldersViewController.h */ = {isa = PBXFileReference; fileEncoding = 4; lastKnownFileType = sourcecode.c.h; path = FoldersViewController.h; sourceTree = "<group>"; };
		B3E5B33617B04E8C009FC97B /* FoldersViewController.m */ = {isa = PBXFileReference; fileEncoding = 4; lastKnownFileType = sourcecode.c.objc; path = FoldersViewController.m; sourceTree = "<group>"; };
		B3E5B33717B04E8C009FC97B /* PopoverBackgroundView.h */ = {isa = PBXFileReference; fileEncoding = 4; lastKnownFileType = sourcecode.c.h; path = PopoverBackgroundView.h; sourceTree = "<group>"; };
		B3E5B33817B04E8C009FC97B /* PopoverBackgroundView.m */ = {isa = PBXFileReference; fileEncoding = 4; lastKnownFileType = sourcecode.c.objc; path = PopoverBackgroundView.m; sourceTree = "<group>"; };
		B3E5B33917B04E8C009FC97B /* PopoverContentViewController.h */ = {isa = PBXFileReference; fileEncoding = 4; lastKnownFileType = sourcecode.c.h; path = PopoverContentViewController.h; sourceTree = "<group>"; };
		B3E5B33A17B04E8C009FC97B /* PopoverContentViewController.m */ = {isa = PBXFileReference; fileEncoding = 4; lastKnownFileType = sourcecode.c.objc; path = PopoverContentViewController.m; sourceTree = "<group>"; };
		B3E5B34317B04EFF009FC97B /* attachment@2x.png */ = {isa = PBXFileReference; lastKnownFileType = image.png; path = "attachment@2x.png"; sourceTree = "<group>"; };
		B3E5B34417B04EFF009FC97B /* attachment_header@2x.png */ = {isa = PBXFileReference; lastKnownFileType = image.png; path = "attachment_header@2x.png"; sourceTree = "<group>"; };
		B3E5B34517B04EFF009FC97B /* CircleArrowDown_sml.png */ = {isa = PBXFileReference; lastKnownFileType = image.png; path = CircleArrowDown_sml.png; sourceTree = "<group>"; };
		B3E5B34617B04EFF009FC97B /* CircleArrowRight_sml.png */ = {isa = PBXFileReference; lastKnownFileType = image.png; path = CircleArrowRight_sml.png; sourceTree = "<group>"; };
		B3E5B34717B04EFF009FC97B /* copymove-cell-bg.png */ = {isa = PBXFileReference; lastKnownFileType = image.png; path = "copymove-cell-bg.png"; sourceTree = "<group>"; };
		B3E5B34817B04EFF009FC97B /* create-email-nav-bar-button.png */ = {isa = PBXFileReference; lastKnownFileType = image.png; path = "create-email-nav-bar-button.png"; sourceTree = "<group>"; };
		B3E5B34917B04EFF009FC97B /* create-email-nav-bar-button@2x.png */ = {isa = PBXFileReference; lastKnownFileType = image.png; path = "create-email-nav-bar-button@2x.png"; sourceTree = "<group>"; };
		B3E5B34A17B04EFF009FC97B /* Default-568h@2x.png */ = {isa = PBXFileReference; lastKnownFileType = image.png; path = "Default-568h@2x.png"; sourceTree = "<group>"; };
		B3E5B34B17B04EFF009FC97B /* Default.png */ = {isa = PBXFileReference; lastKnownFileType = image.png; path = Default.png; sourceTree = "<group>"; };
		B3E5B34C17B04EFF009FC97B /* Default@2x.png */ = {isa = PBXFileReference; lastKnownFileType = image.png; path = "Default@2x.png"; sourceTree = "<group>"; };
		B3E5B34D17B04EFF009FC97B /* item-counter.png */ = {isa = PBXFileReference; lastKnownFileType = image.png; path = "item-counter.png"; sourceTree = "<group>"; };
		B3E5B34E17B04EFF009FC97B /* item-counter@2x.png */ = {isa = PBXFileReference; lastKnownFileType = image.png; path = "item-counter@2x.png"; sourceTree = "<group>"; };
		B3E5B34F17B04EFF009FC97B /* item-icon-folder-selected.png */ = {isa = PBXFileReference; lastKnownFileType = image.png; path = "item-icon-folder-selected.png"; sourceTree = "<group>"; };
		B3E5B35017B04EFF009FC97B /* item-icon-folder-selected@2x.png */ = {isa = PBXFileReference; lastKnownFileType = image.png; path = "item-icon-folder-selected@2x.png"; sourceTree = "<group>"; };
		B3E5B35117B04EFF009FC97B /* item-icon-folder.png */ = {isa = PBXFileReference; lastKnownFileType = image.png; path = "item-icon-folder.png"; sourceTree = "<group>"; };
		B3E5B35217B04EFF009FC97B /* item-icon-folder@2x.png */ = {isa = PBXFileReference; lastKnownFileType = image.png; path = "item-icon-folder@2x.png"; sourceTree = "<group>"; };
		B3E5B35317B04EFF009FC97B /* mail.png */ = {isa = PBXFileReference; lastKnownFileType = image.png; path = mail.png; sourceTree = "<group>"; };
		B3E5B35417B04EFF009FC97B /* mail_open.png */ = {isa = PBXFileReference; lastKnownFileType = image.png; path = mail_open.png; sourceTree = "<group>"; };
		B3E5B35517B04EFF009FC97B /* mainSplitterBar.png */ = {isa = PBXFileReference; lastKnownFileType = image.png; path = mainSplitterBar.png; sourceTree = "<group>"; };
		B3E5B35617B04EFF009FC97B /* mainSplitterBar@2x.png */ = {isa = PBXFileReference; lastKnownFileType = image.png; path = "mainSplitterBar@2x.png"; sourceTree = "<group>"; };
		B3E5B35717B04EFF009FC97B /* mainSplitterBarVertical.png */ = {isa = PBXFileReference; lastKnownFileType = image.png; path = mainSplitterBarVertical.png; sourceTree = "<group>"; };
		B3E5B35817B04EFF009FC97B /* mainSplitterBarVertical@2x.png */ = {isa = PBXFileReference; lastKnownFileType = image.png; path = "mainSplitterBarVertical@2x.png"; sourceTree = "<group>"; };
		B3E5B35917B04EFF009FC97B /* note-background-gradient@2x.png */ = {isa = PBXFileReference; lastKnownFileType = image.png; path = "note-background-gradient@2x.png"; sourceTree = "<group>"; };
		B3E5B35A17B04EFF009FC97B /* tokenHighlighted.png */ = {isa = PBXFileReference; lastKnownFileType = image.png; path = tokenHighlighted.png; sourceTree = "<group>"; };
		B3E5B35B17B04EFF009FC97B /* tokenHighlighted@2x.png */ = {isa = PBXFileReference; lastKnownFileType = image.png; path = "tokenHighlighted@2x.png"; sourceTree = "<group>"; };
		B3E5B35C17B04EFF009FC97B /* tokenNormal.png */ = {isa = PBXFileReference; lastKnownFileType = image.png; path = tokenNormal.png; sourceTree = "<group>"; };
		B3E5B35D17B04EFF009FC97B /* tokenNormal@2x.png */ = {isa = PBXFileReference; lastKnownFileType = image.png; path = "tokenNormal@2x.png"; sourceTree = "<group>"; };
		B3E5B37917B04F37009FC97B /* MCButton.h */ = {isa = PBXFileReference; fileEncoding = 4; lastKnownFileType = sourcecode.c.h; name = MCButton.h; path = Views/MCButton.h; sourceTree = "<group>"; };
		B3E5B37A17B04F37009FC97B /* MCButton.m */ = {isa = PBXFileReference; fileEncoding = 4; lastKnownFileType = sourcecode.c.objc; name = MCButton.m; path = Views/MCButton.m; sourceTree = "<group>"; };
		B3E5B37C17B04F37009FC97B /* MCTreeItem.h */ = {isa = PBXFileReference; fileEncoding = 4; lastKnownFileType = sourcecode.c.h; path = MCTreeItem.h; sourceTree = "<group>"; };
		B3E5B37D17B04F37009FC97B /* MCTreeItem.m */ = {isa = PBXFileReference; fileEncoding = 4; lastKnownFileType = sourcecode.c.objc; path = MCTreeItem.m; sourceTree = "<group>"; };
		B3E5B37E17B04F37009FC97B /* MCTreeTableViewCell.h */ = {isa = PBXFileReference; fileEncoding = 4; lastKnownFileType = sourcecode.c.h; path = MCTreeTableViewCell.h; sourceTree = "<group>"; };
		B3E5B37F17B04F37009FC97B /* MCTreeTableViewCell.m */ = {isa = PBXFileReference; fileEncoding = 4; lastKnownFileType = sourcecode.c.objc; path = MCTreeTableViewCell.m; sourceTree = "<group>"; };
		B3EF657917A11C7E00369805 /* MailClient.app */ = {isa = PBXFileReference; explicitFileType = wrapper.application; includeInIndex = 0; path = MailClient.app; sourceTree = BUILT_PRODUCTS_DIR; };
		B3EF657C17A11C7E00369805 /* UIKit.framework */ = {isa = PBXFileReference; lastKnownFileType = wrapper.framework; name = UIKit.framework; path = System/Library/Frameworks/UIKit.framework; sourceTree = SDKROOT; };
		B3EF657E17A11C7E00369805 /* Foundation.framework */ = {isa = PBXFileReference; lastKnownFileType = wrapper.framework; name = Foundation.framework; path = System/Library/Frameworks/Foundation.framework; sourceTree = SDKROOT; };
		B3EF658017A11C7E00369805 /* CoreGraphics.framework */ = {isa = PBXFileReference; lastKnownFileType = wrapper.framework; name = CoreGraphics.framework; path = System/Library/Frameworks/CoreGraphics.framework; sourceTree = SDKROOT; };
		B3EF658217A11C7E00369805 /* CoreData.framework */ = {isa = PBXFileReference; lastKnownFileType = wrapper.framework; name = CoreData.framework; path = System/Library/Frameworks/CoreData.framework; sourceTree = SDKROOT; };
		B3EF658617A11C7E00369805 /* MailClient-Info.plist */ = {isa = PBXFileReference; lastKnownFileType = text.plist.xml; path = "MailClient-Info.plist"; sourceTree = "<group>"; };
		B3EF658817A11C7E00369805 /* en */ = {isa = PBXFileReference; lastKnownFileType = text.plist.strings; name = en; path = en.lproj/InfoPlist.strings; sourceTree = "<group>"; };
		B3EF658A17A11C7E00369805 /* main.m */ = {isa = PBXFileReference; lastKnownFileType = sourcecode.c.objc; path = main.m; sourceTree = "<group>"; };
		B3EF658C17A11C7E00369805 /* MailClient-Prefix.pch */ = {isa = PBXFileReference; lastKnownFileType = sourcecode.c.h; path = "MailClient-Prefix.pch"; sourceTree = "<group>"; };
		B3EF659717A11C7E00369805 /* en */ = {isa = PBXFileReference; lastKnownFileType = file.storyboard; name = en; path = en.lproj/MainStoryboard.storyboard; sourceTree = "<group>"; };
		B3EF659A17A11C7E00369805 /* MailClient.xcdatamodel */ = {isa = PBXFileReference; lastKnownFileType = wrapper.xcdatamodel; path = MailClient.xcdatamodel; sourceTree = "<group>"; };
		B3EF65AC17A1257A00369805 /* MailCore.xcodeproj */ = {isa = PBXFileReference; lastKnownFileType = "wrapper.pb-project"; name = MailCore.xcodeproj; path = ../MailCore/MailCore.xcodeproj; sourceTree = "<group>"; };
		B3EF65E617A1308600369805 /* libssl.a */ = {isa = PBXFileReference; lastKnownFileType = archive.ar; name = libssl.a; path = "../MailCore/iOSPorts/ports/security/openssl/build/Release-iphoneos/libssl.a"; sourceTree = "<group>"; };
		B3EF65E817A1309800369805 /* libsasl2.a */ = {isa = PBXFileReference; lastKnownFileType = archive.ar; name = libsasl2.a; path = "../MailCore/iOSPorts/ports/security/cyrus-sasl/build/Release-iphoneos/libsasl2.a"; sourceTree = "<group>"; };
		B3EF65EA17A130A500369805 /* libcrypto.a */ = {isa = PBXFileReference; lastKnownFileType = archive.ar; name = libcrypto.a; path = "../MailCore/iOSPorts/ports/security/openssl/build/Release-iphoneos/libcrypto.a"; sourceTree = "<group>"; };
		B3EF65EC17A130AF00369805 /* libiconv.dylib */ = {isa = PBXFileReference; lastKnownFileType = "compiled.mach-o.dylib"; name = libiconv.dylib; path = usr/lib/libiconv.dylib; sourceTree = SDKROOT; };
		B3EF65EE17A130B700369805 /* CFNetwork.framework */ = {isa = PBXFileReference; lastKnownFileType = wrapper.framework; name = CFNetwork.framework; path = System/Library/Frameworks/CFNetwork.framework; sourceTree = SDKROOT; };
		B3EFA05D17A522F000012134 /* NSSet+Additions.h */ = {isa = PBXFileReference; fileEncoding = 4; lastKnownFileType = sourcecode.c.h; path = "NSSet+Additions.h"; sourceTree = "<group>"; };
		B3EFA05E17A522F000012134 /* NSSet+Additions.m */ = {isa = PBXFileReference; fileEncoding = 4; lastKnownFileType = sourcecode.c.objc; path = "NSSet+Additions.m"; sourceTree = "<group>"; };
		B3EFA05F17A522F000012134 /* NSString+Additions.h */ = {isa = PBXFileReference; fileEncoding = 4; lastKnownFileType = sourcecode.c.h; path = "NSString+Additions.h"; sourceTree = "<group>"; };
		B3EFA06017A522F000012134 /* NSString+Additions.m */ = {isa = PBXFileReference; fileEncoding = 4; lastKnownFileType = sourcecode.c.objc; path = "NSString+Additions.m"; sourceTree = "<group>"; };
		B3EFA06417A5239100012134 /* AppDelegate.h */ = {isa = PBXFileReference; fileEncoding = 4; lastKnownFileType = sourcecode.c.h; path = AppDelegate.h; sourceTree = "<group>"; };
		B3EFA06517A5239100012134 /* AppDelegate.m */ = {isa = PBXFileReference; fileEncoding = 4; lastKnownFileType = sourcecode.c.objc; path = AppDelegate.m; sourceTree = "<group>"; };
/* End PBXFileReference section */

/* Begin PBXFrameworksBuildPhase section */
		B3EF657617A11C7D00369805 /* Frameworks */ = {
			isa = PBXFrameworksBuildPhase;
			buildActionMask = 2147483647;
			files = (
				B3D479B117A6F89E0067C957 /* Security.framework in Frameworks */,
				B3EF65EF17A130B700369805 /* CFNetwork.framework in Frameworks */,
				B32E63E817A2EC61004236A0 /* MobileCoreServices.framework in Frameworks */,
				B32E63E617A2EC59004236A0 /* CoreText.framework in Frameworks */,
				B32E63E417A2EC4F004236A0 /* QuartzCore.framework in Frameworks */,
				B32E63E217A2EC49004236A0 /* ImageIO.framework in Frameworks */,
				B32E63E017A2EC41004236A0 /* libxml2.dylib in Frameworks */,
				B32E63DE17A2EC25004236A0 /* libDTCoreText.a in Frameworks */,
				B3EF65ED17A130AF00369805 /* libiconv.dylib in Frameworks */,
				B3EF65EB17A130A500369805 /* libcrypto.a in Frameworks */,
				B3EF65E917A1309800369805 /* libsasl2.a in Frameworks */,
				B3EF65E717A1308600369805 /* libssl.a in Frameworks */,
				B3EF65E517A1307000369805 /* libmailcore.a in Frameworks */,
				B3EF657D17A11C7E00369805 /* UIKit.framework in Frameworks */,
				B3EF657F17A11C7E00369805 /* Foundation.framework in Frameworks */,
				B3EF658117A11C7E00369805 /* CoreGraphics.framework in Frameworks */,
				B3EF658317A11C7E00369805 /* CoreData.framework in Frameworks */,
			);
			runOnlyForDeploymentPostprocessing = 0;
		};
/* End PBXFrameworksBuildPhase section */

/* Begin PBXGroup section */
		B327FD2617A597EA00D3D29F /* Model */ = {
			isa = PBXGroup;
			children = (
				B3DA4FD317A9BD8E00420453 /* GoogleMailAccount.h */,
				B3DA4FD417A9BD8E00420453 /* GoogleMailAccount.m */,
			);
			name = Model;
			sourceTree = "<group>";
		};
		B327FD2D17A59A6300D3D29F /* Misc */ = {
			isa = PBXGroup;
			children = (
				B327FD2E17A59A9500D3D29F /* MCController.h */,
				B327FD2F17A59A9500D3D29F /* MCController.m */,
				B3DC2B6317AABD44003F0802 /* TimeExecutionTracker.h */,
				B3DC2B6417AABD44003F0802 /* TimeExecutionTracker.m */,
				B3DC2B7117AAE7BA003F0802 /* Constants.h */,
			);
			name = Misc;
			sourceTree = "<group>";
		};
		B32E63C317A2EAC0004236A0 /* Products */ = {
			isa = PBXGroup;
			children = (
				B32E63CF17A2EAC3004236A0 /* RTDemoApp.app */,
				B32E63D117A2EAC3004236A0 /* DTCoreText.framework */,
				B32E63D317A2EAC3004236A0 /* libDTCoreText.a */,
				B32E63D517A2EAC3004236A0 /* UnitTest.octest */,
				B32E63D717A2EAC3004236A0 /* MacUnitTest.octest */,
				B32E63D917A2EAC3004236A0 /* libDTCoreText_no_DTFoundation.a */,
				B32E63DB17A2EAC3004236A0 /* DTCoreText.framework */,
			);
			name = Products;
			sourceTree = "<group>";
		};
		B3DAB69C17AEDB1600522F46 /* JSTokenField */ = {
			isa = PBXGroup;
			children = (
				B3DAB69D17AEDB1600522F46 /* JSBackspaceReportingTextField.h */,
				B3DAB69E17AEDB1600522F46 /* JSBackspaceReportingTextField.m */,
				B3DAB69F17AEDB1600522F46 /* JSTokenButton.h */,
				B3DAB6A017AEDB1600522F46 /* JSTokenButton.m */,
				B3DAB6A117AEDB1600522F46 /* JSTokenField-Prefix.pch */,
				B3DAB6A217AEDB1600522F46 /* JSTokenField.h */,
				B3DAB6A317AEDB1600522F46 /* JSTokenField.m */,
			);
			path = JSTokenField;
			sourceTree = "<group>";
		};
		B3E5B34117B04EFF009FC97B /* Resources */ = {
			isa = PBXGroup;
			children = (
				B3E5B34217B04EFF009FC97B /* Images */,
			);
			path = Resources;
			sourceTree = "<group>";
		};
		B3E5B34217B04EFF009FC97B /* Images */ = {
			isa = PBXGroup;
			children = (
				B3E5B34317B04EFF009FC97B /* attachment@2x.png */,
				B3E5B34417B04EFF009FC97B /* attachment_header@2x.png */,
				B3E5B34517B04EFF009FC97B /* CircleArrowDown_sml.png */,
				B3E5B34617B04EFF009FC97B /* CircleArrowRight_sml.png */,
				B3E5B34717B04EFF009FC97B /* copymove-cell-bg.png */,
				B3E5B34817B04EFF009FC97B /* create-email-nav-bar-button.png */,
				B3E5B34917B04EFF009FC97B /* create-email-nav-bar-button@2x.png */,
				B3E5B34A17B04EFF009FC97B /* Default-568h@2x.png */,
				B3E5B34B17B04EFF009FC97B /* Default.png */,
				B3E5B34C17B04EFF009FC97B /* Default@2x.png */,
				B3E5B34D17B04EFF009FC97B /* item-counter.png */,
				B3E5B34E17B04EFF009FC97B /* item-counter@2x.png */,
				B3E5B34F17B04EFF009FC97B /* item-icon-folder-selected.png */,
				B3E5B35017B04EFF009FC97B /* item-icon-folder-selected@2x.png */,
				B3E5B35117B04EFF009FC97B /* item-icon-folder.png */,
				B3E5B35217B04EFF009FC97B /* item-icon-folder@2x.png */,
				B3E5B35317B04EFF009FC97B /* mail.png */,
				B3E5B35417B04EFF009FC97B /* mail_open.png */,
				B3E5B35517B04EFF009FC97B /* mainSplitterBar.png */,
				B3E5B35617B04EFF009FC97B /* mainSplitterBar@2x.png */,
				B3E5B35717B04EFF009FC97B /* mainSplitterBarVertical.png */,
				B3E5B35817B04EFF009FC97B /* mainSplitterBarVertical@2x.png */,
				B3E5B35917B04EFF009FC97B /* note-background-gradient@2x.png */,
				B3E5B35A17B04EFF009FC97B /* tokenHighlighted.png */,
				B3E5B35B17B04EFF009FC97B /* tokenHighlighted@2x.png */,
				B3E5B35C17B04EFF009FC97B /* tokenNormal.png */,
				B3E5B35D17B04EFF009FC97B /* tokenNormal@2x.png */,
			);
			path = Images;
			sourceTree = "<group>";
		};
		B3E5B37B17B04F37009FC97B /* MCTreeView */ = {
			isa = PBXGroup;
			children = (
				B3E5B37C17B04F37009FC97B /* MCTreeItem.h */,
				B3E5B37D17B04F37009FC97B /* MCTreeItem.m */,
				B3E5B37E17B04F37009FC97B /* MCTreeTableViewCell.h */,
				B3E5B37F17B04F37009FC97B /* MCTreeTableViewCell.m */,
			);
			name = MCTreeView;
			path = Views/MCTreeView;
			sourceTree = "<group>";
		};
		B3E7D6FF17A850F400C46AF8 /* Views */ = {
			isa = PBXGroup;
			children = (
				B3E5B37917B04F37009FC97B /* MCButton.h */,
				B3E5B37A17B04F37009FC97B /* MCButton.m */,
				B3E5B37B17B04F37009FC97B /* MCTreeView */,
			);
			name = Views;
			sourceTree = "<group>";
		};
		B3EC9BC517A6D0FC00F3C78B /* Vendor */ = {
			isa = PBXGroup;
			children = (
				B3DAB69C17AEDB1600522F46 /* JSTokenField */,
			);
			path = Vendor;
			sourceTree = SOURCE_ROOT;
		};
		B3EF657017A11C7D00369805 = {
			isa = PBXGroup;
			children = (
				B32E63C217A2EAC0004236A0 /* DTCoreText.xcodeproj */,
				B3EF65AC17A1257A00369805 /* MailCore.xcodeproj */,
				B3EF658417A11C7E00369805 /* MailClient */,
				B3EF657B17A11C7E00369805 /* Frameworks */,
				B3EF657A17A11C7E00369805 /* Products */,
			);
			sourceTree = "<group>";
		};
		B3EF657A17A11C7E00369805 /* Products */ = {
			isa = PBXGroup;
			children = (
				B3EF657917A11C7E00369805 /* MailClient.app */,
			);
			name = Products;
			sourceTree = "<group>";
		};
		B3EF657B17A11C7E00369805 /* Frameworks */ = {
			isa = PBXGroup;
			children = (
				B3D479B017A6F89E0067C957 /* Security.framework */,
				B32E63DF17A2EC41004236A0 /* libxml2.dylib */,
				B3EF65EC17A130AF00369805 /* libiconv.dylib */,
				B3EF65EA17A130A500369805 /* libcrypto.a */,
				B3EF65E817A1309800369805 /* libsasl2.a */,
				B3EF65E617A1308600369805 /* libssl.a */,
				B32E63E717A2EC61004236A0 /* MobileCoreServices.framework */,
				B32E63E517A2EC59004236A0 /* CoreText.framework */,
				B32E63E317A2EC4F004236A0 /* QuartzCore.framework */,
				B32E63E117A2EC49004236A0 /* ImageIO.framework */,
				B3EF65EE17A130B700369805 /* CFNetwork.framework */,
				B3EF657C17A11C7E00369805 /* UIKit.framework */,
				B3EF657E17A11C7E00369805 /* Foundation.framework */,
				B3EF658017A11C7E00369805 /* CoreGraphics.framework */,
				B3EF658217A11C7E00369805 /* CoreData.framework */,
			);
			name = Frameworks;
			sourceTree = "<group>";
		};
		B3EF658417A11C7E00369805 /* MailClient */ = {
			isa = PBXGroup;
			children = (
				B3EF659617A11C7E00369805 /* MainStoryboard.storyboard */,
				B3EF659917A11C7E00369805 /* MailClient.xcdatamodeld */,
				B3EFA06317A5239100012134 /* Application */,
				B3EFA06717A523B800012134 /* View Controllers */,
				B327FD2617A597EA00D3D29F /* Model */,
				B3E7D6FF17A850F400C46AF8 /* Views */,
				B3EFA05C17A522F000012134 /* Categories */,
				B327FD2D17A59A6300D3D29F /* Misc */,
				B3EF658517A11C7E00369805 /* Supporting Files */,
				B3EC9BC517A6D0FC00F3C78B /* Vendor */,
			);
			path = MailClient;
			sourceTree = "<group>";
		};
		B3EF658517A11C7E00369805 /* Supporting Files */ = {
			isa = PBXGroup;
			children = (
				B3E5B34117B04EFF009FC97B /* Resources */,
				B3EF658617A11C7E00369805 /* MailClient-Info.plist */,
				B3EF658717A11C7E00369805 /* InfoPlist.strings */,
				B3EF658A17A11C7E00369805 /* main.m */,
				B3EF658C17A11C7E00369805 /* MailClient-Prefix.pch */,
			);
			name = "Supporting Files";
			sourceTree = "<group>";
		};
		B3EF65AD17A1257A00369805 /* Products */ = {
			isa = PBXGroup;
			children = (
				B3EF65B817A1258300369805 /* MailCore.framework */,
				B3EF65BA17A1258300369805 /* libmailcore.a */,
				B3EF65BC17A1258300369805 /* Tests.octest */,
			);
			name = Products;
			sourceTree = "<group>";
		};
		B3EFA05C17A522F000012134 /* Categories */ = {
			isa = PBXGroup;
			children = (
				B3EFA05D17A522F000012134 /* NSSet+Additions.h */,
				B3EFA05E17A522F000012134 /* NSSet+Additions.m */,
				B3EFA05F17A522F000012134 /* NSString+Additions.h */,
				B3EFA06017A522F000012134 /* NSString+Additions.m */,
			);
			path = Categories;
			sourceTree = "<group>";
		};
		B3EFA06317A5239100012134 /* Application */ = {
			isa = PBXGroup;
			children = (
				B3EFA06417A5239100012134 /* AppDelegate.h */,
				B3EFA06517A5239100012134 /* AppDelegate.m */,
				B3E5B32E17B02B39009FC97B /* AppConfig.h */,
			);
			path = Application;
			sourceTree = "<group>";
		};
		B3EFA06717A523B800012134 /* View Controllers */ = {
			isa = PBXGroup;
			children = (
				B3E5B32F17B04E8C009FC97B /* AccountsViewController.h */,
				B3E5B33017B04E8C009FC97B /* AccountsViewController.m */,
				B3E5B33117B04E8C009FC97B /* AddAccountViewController.h */,
				B3E5B33217B04E8C009FC97B /* AddAccountViewController.m */,
				B3E5B33317B04E8C009FC97B /* ComposeMessageViewController.h */,
				B3E5B33417B04E8C009FC97B /* ComposeMessageViewController.m */,
				B3E5B33517B04E8C009FC97B /* FoldersViewController.h */,
				B3E5B33617B04E8C009FC97B /* FoldersViewController.m */,
				B3E5B33717B04E8C009FC97B /* PopoverBackgroundView.h */,
				B3E5B33817B04E8C009FC97B /* PopoverBackgroundView.m */,
				B3E5B33917B04E8C009FC97B /* PopoverContentViewController.h */,
				B3E5B33A17B04E8C009FC97B /* PopoverContentViewController.m */,
			);
			path = "View Controllers";
			sourceTree = "<group>";
		};
/* End PBXGroup section */

/* Begin PBXNativeTarget section */
		B3EF657817A11C7D00369805 /* MailClient */ = {
			isa = PBXNativeTarget;
			buildConfigurationList = B3EF65A417A11C7E00369805 /* Build configuration list for PBXNativeTarget "MailClient" */;
			buildPhases = (
				B3EF657517A11C7D00369805 /* Sources */,
				B3EF657617A11C7D00369805 /* Frameworks */,
				B3EF657717A11C7D00369805 /* Resources */,
			);
			buildRules = (
			);
			dependencies = (
				B3EF65F117A1312B00369805 /* PBXTargetDependency */,
			);
			name = MailClient;
			productName = MailClient;
			productReference = B3EF657917A11C7E00369805 /* MailClient.app */;
			productType = "com.apple.product-type.application";
		};
/* End PBXNativeTarget section */

/* Begin PBXProject section */
		B3EF657117A11C7D00369805 /* Project object */ = {
			isa = PBXProject;
			attributes = {
				LastUpgradeCheck = 0460;
				ORGANIZATIONNAME = pvllnspk;
			};
			buildConfigurationList = B3EF657417A11C7D00369805 /* Build configuration list for PBXProject "MailClient" */;
			compatibilityVersion = "Xcode 3.2";
			developmentRegion = English;
			hasScannedForEncodings = 0;
			knownRegions = (
				en,
			);
			mainGroup = B3EF657017A11C7D00369805;
			productRefGroup = B3EF657A17A11C7E00369805 /* Products */;
			projectDirPath = "";
			projectReferences = (
				{
					ProductGroup = B32E63C317A2EAC0004236A0 /* Products */;
					ProjectRef = B32E63C217A2EAC0004236A0 /* DTCoreText.xcodeproj */;
				},
				{
					ProductGroup = B3EF65AD17A1257A00369805 /* Products */;
					ProjectRef = B3EF65AC17A1257A00369805 /* MailCore.xcodeproj */;
				},
			);
			projectRoot = "";
			targets = (
				B3EF657817A11C7D00369805 /* MailClient */,
			);
		};
/* End PBXProject section */

/* Begin PBXReferenceProxy section */
		B32E63CF17A2EAC3004236A0 /* RTDemoApp.app */ = {
			isa = PBXReferenceProxy;
			fileType = wrapper.application;
			path = RTDemoApp.app;
			remoteRef = B32E63CE17A2EAC3004236A0 /* PBXContainerItemProxy */;
			sourceTree = BUILT_PRODUCTS_DIR;
		};
		B32E63D117A2EAC3004236A0 /* DTCoreText.framework */ = {
			isa = PBXReferenceProxy;
			fileType = wrapper.cfbundle;
			path = DTCoreText.framework;
			remoteRef = B32E63D017A2EAC3004236A0 /* PBXContainerItemProxy */;
			sourceTree = BUILT_PRODUCTS_DIR;
		};
		B32E63D317A2EAC3004236A0 /* libDTCoreText.a */ = {
			isa = PBXReferenceProxy;
			fileType = archive.ar;
			path = libDTCoreText.a;
			remoteRef = B32E63D217A2EAC3004236A0 /* PBXContainerItemProxy */;
			sourceTree = BUILT_PRODUCTS_DIR;
		};
		B32E63D517A2EAC3004236A0 /* UnitTest.octest */ = {
			isa = PBXReferenceProxy;
			fileType = wrapper.cfbundle;
			path = UnitTest.octest;
			remoteRef = B32E63D417A2EAC3004236A0 /* PBXContainerItemProxy */;
			sourceTree = BUILT_PRODUCTS_DIR;
		};
		B32E63D717A2EAC3004236A0 /* MacUnitTest.octest */ = {
			isa = PBXReferenceProxy;
			fileType = wrapper.cfbundle;
			path = MacUnitTest.octest;
			remoteRef = B32E63D617A2EAC3004236A0 /* PBXContainerItemProxy */;
			sourceTree = BUILT_PRODUCTS_DIR;
		};
		B32E63D917A2EAC3004236A0 /* libDTCoreText_no_DTFoundation.a */ = {
			isa = PBXReferenceProxy;
			fileType = archive.ar;
			path = libDTCoreText_no_DTFoundation.a;
			remoteRef = B32E63D817A2EAC3004236A0 /* PBXContainerItemProxy */;
			sourceTree = BUILT_PRODUCTS_DIR;
		};
		B32E63DB17A2EAC3004236A0 /* DTCoreText.framework */ = {
			isa = PBXReferenceProxy;
			fileType = wrapper.framework;
			path = DTCoreText.framework;
			remoteRef = B32E63DA17A2EAC3004236A0 /* PBXContainerItemProxy */;
			sourceTree = BUILT_PRODUCTS_DIR;
		};
		B3EF65B817A1258300369805 /* MailCore.framework */ = {
			isa = PBXReferenceProxy;
			fileType = wrapper.framework;
			path = MailCore.framework;
			remoteRef = B3EF65B717A1258300369805 /* PBXContainerItemProxy */;
			sourceTree = BUILT_PRODUCTS_DIR;
		};
		B3EF65BA17A1258300369805 /* libmailcore.a */ = {
			isa = PBXReferenceProxy;
			fileType = archive.ar;
			path = libmailcore.a;
			remoteRef = B3EF65B917A1258300369805 /* PBXContainerItemProxy */;
			sourceTree = BUILT_PRODUCTS_DIR;
		};
		B3EF65BC17A1258300369805 /* Tests.octest */ = {
			isa = PBXReferenceProxy;
			fileType = wrapper.cfbundle;
			path = Tests.octest;
			remoteRef = B3EF65BB17A1258300369805 /* PBXContainerItemProxy */;
			sourceTree = BUILT_PRODUCTS_DIR;
		};
/* End PBXReferenceProxy section */

/* Begin PBXResourcesBuildPhase section */
		B3EF657717A11C7D00369805 /* Resources */ = {
			isa = PBXResourcesBuildPhase;
			buildActionMask = 2147483647;
			files = (
				B3EF658917A11C7E00369805 /* InfoPlist.strings in Resources */,
				B3EF659817A11C7E00369805 /* MainStoryboard.storyboard in Resources */,
				B3E5B35E17B04EFF009FC97B /* attachment@2x.png in Resources */,
				B3E5B35F17B04EFF009FC97B /* attachment_header@2x.png in Resources */,
				B3E5B36017B04EFF009FC97B /* CircleArrowDown_sml.png in Resources */,
				B3E5B36117B04EFF009FC97B /* CircleArrowRight_sml.png in Resources */,
				B3E5B36217B04EFF009FC97B /* copymove-cell-bg.png in Resources */,
				B3E5B36317B04EFF009FC97B /* create-email-nav-bar-button.png in Resources */,
				B3E5B36417B04EFF009FC97B /* create-email-nav-bar-button@2x.png in Resources */,
				B3E5B36517B04EFF009FC97B /* Default-568h@2x.png in Resources */,
				B3E5B36617B04EFF009FC97B /* Default.png in Resources */,
				B3E5B36717B04EFF009FC97B /* Default@2x.png in Resources */,
				B3E5B36817B04EFF009FC97B /* item-counter.png in Resources */,
				B3E5B36917B04EFF009FC97B /* item-counter@2x.png in Resources */,
				B3E5B36A17B04EFF009FC97B /* item-icon-folder-selected.png in Resources */,
				B3E5B36B17B04EFF009FC97B /* item-icon-folder-selected@2x.png in Resources */,
				B3E5B36C17B04EFF009FC97B /* item-icon-folder.png in Resources */,
				B3E5B36D17B04EFF009FC97B /* item-icon-folder@2x.png in Resources */,
				B3E5B36E17B04EFF009FC97B /* mail.png in Resources */,
				B3E5B36F17B04EFF009FC97B /* mail_open.png in Resources */,
				B3E5B37017B04EFF009FC97B /* mainSplitterBar.png in Resources */,
				B3E5B37117B04EFF009FC97B /* mainSplitterBar@2x.png in Resources */,
				B3E5B37217B04EFF009FC97B /* mainSplitterBarVertical.png in Resources */,
				B3E5B37317B04EFF009FC97B /* mainSplitterBarVertical@2x.png in Resources */,
				B3E5B37417B04EFF009FC97B /* note-background-gradient@2x.png in Resources */,
				B3E5B37517B04EFF009FC97B /* tokenHighlighted.png in Resources */,
				B3E5B37617B04EFF009FC97B /* tokenHighlighted@2x.png in Resources */,
				B3E5B37717B04EFF009FC97B /* tokenNormal.png in Resources */,
				B3E5B37817B04EFF009FC97B /* tokenNormal@2x.png in Resources */,
			);
			runOnlyForDeploymentPostprocessing = 0;
		};
/* End PBXResourcesBuildPhase section */

/* Begin PBXSourcesBuildPhase section */
		B3EF657517A11C7D00369805 /* Sources */ = {
			isa = PBXSourcesBuildPhase;
			buildActionMask = 2147483647;
			files = (
				B3EF658B17A11C7E00369805 /* main.m in Sources */,
				B3EF659B17A11C7E00369805 /* MailClient.xcdatamodeld in Sources */,
				B3EFA06117A522F000012134 /* NSSet+Additions.m in Sources */,
				B3EFA06217A522F000012134 /* NSString+Additions.m in Sources */,
				B3EFA06617A5239100012134 /* AppDelegate.m in Sources */,
				B327FD3017A59A9500D3D29F /* MCController.m in Sources */,
				B3DA4FD517A9BD8E00420453 /* GoogleMailAccount.m in Sources */,
				B3DC2B6517AABD44003F0802 /* TimeExecutionTracker.m in Sources */,
				B3DAB6A417AEDB1600522F46 /* JSBackspaceReportingTextField.m in Sources */,
				B3DAB6A517AEDB1600522F46 /* JSTokenButton.m in Sources */,
				B3DAB6A617AEDB1600522F46 /* JSTokenField.m in Sources */,
				B3E5B33B17B04E8C009FC97B /* AccountsViewController.m in Sources */,
				B3E5B33C17B04E8C009FC97B /* AddAccountViewController.m in Sources */,
				B3E5B33D17B04E8C009FC97B /* ComposeMessageViewController.m in Sources */,
				B3E5B33E17B04E8C009FC97B /* FoldersViewController.m in Sources */,
				B3E5B33F17B04E8C009FC97B /* PopoverBackgroundView.m in Sources */,
				B3E5B34017B04E8C009FC97B /* PopoverContentViewController.m in Sources */,
				B3E5B38017B04F37009FC97B /* MCButton.m in Sources */,
				B3E5B38117B04F37009FC97B /* MCTreeItem.m in Sources */,
				B3E5B38217B04F37009FC97B /* MCTreeTableViewCell.m in Sources */,
			);
			runOnlyForDeploymentPostprocessing = 0;
		};
/* End PBXSourcesBuildPhase section */

/* Begin PBXTargetDependency section */
		B3EF65F117A1312B00369805 /* PBXTargetDependency */ = {
			isa = PBXTargetDependency;
			name = "MailCore iOS";
			targetProxy = B3EF65F017A1312B00369805 /* PBXContainerItemProxy */;
		};
/* End PBXTargetDependency section */

/* Begin PBXVariantGroup section */
		B3EF658717A11C7E00369805 /* InfoPlist.strings */ = {
			isa = PBXVariantGroup;
			children = (
				B3EF658817A11C7E00369805 /* en */,
			);
			name = InfoPlist.strings;
			sourceTree = "<group>";
		};
		B3EF659617A11C7E00369805 /* MainStoryboard.storyboard */ = {
			isa = PBXVariantGroup;
			children = (
				B3EF659717A11C7E00369805 /* en */,
			);
			name = MainStoryboard.storyboard;
			sourceTree = "<group>";
		};
/* End PBXVariantGroup section */

/* Begin XCBuildConfiguration section */
		B3EF65A217A11C7E00369805 /* Debug */ = {
			isa = XCBuildConfiguration;
			buildSettings = {
				ALWAYS_SEARCH_USER_PATHS = NO;
				CLANG_CXX_LANGUAGE_STANDARD = "gnu++0x";
				CLANG_CXX_LIBRARY = "libc++";
				CLANG_ENABLE_OBJC_ARC = YES;
				CLANG_WARN_CONSTANT_CONVERSION = YES;
				CLANG_WARN_EMPTY_BODY = YES;
				CLANG_WARN_ENUM_CONVERSION = YES;
				CLANG_WARN_INT_CONVERSION = YES;
				CLANG_WARN__DUPLICATE_METHOD_MATCH = YES;
				"CODE_SIGN_IDENTITY[sdk=iphoneos*]" = "iPhone Developer";
				COPY_PHASE_STRIP = NO;
				GCC_C_LANGUAGE_STANDARD = gnu99;
				GCC_DYNAMIC_NO_PIC = NO;
				GCC_OPTIMIZATION_LEVEL = 0;
				GCC_PREPROCESSOR_DEFINITIONS = (
					"DEBUG=1",
					"$(inherited)",
				);
				GCC_SYMBOLS_PRIVATE_EXTERN = NO;
				GCC_WARN_ABOUT_RETURN_TYPE = YES;
				GCC_WARN_UNINITIALIZED_AUTOS = YES;
				GCC_WARN_UNUSED_VARIABLE = YES;
				IPHONEOS_DEPLOYMENT_TARGET = 6.1;
				ONLY_ACTIVE_ARCH = YES;
				SDKROOT = iphoneos;
				TARGETED_DEVICE_FAMILY = 2;
			};
			name = Debug;
		};
		B3EF65A317A11C7E00369805 /* Release */ = {
			isa = XCBuildConfiguration;
			buildSettings = {
				ALWAYS_SEARCH_USER_PATHS = NO;
				CLANG_CXX_LANGUAGE_STANDARD = "gnu++0x";
				CLANG_CXX_LIBRARY = "libc++";
				CLANG_ENABLE_OBJC_ARC = YES;
				CLANG_WARN_CONSTANT_CONVERSION = YES;
				CLANG_WARN_EMPTY_BODY = YES;
				CLANG_WARN_ENUM_CONVERSION = YES;
				CLANG_WARN_INT_CONVERSION = YES;
				CLANG_WARN__DUPLICATE_METHOD_MATCH = YES;
				"CODE_SIGN_IDENTITY[sdk=iphoneos*]" = "iPhone Developer";
				COPY_PHASE_STRIP = YES;
				GCC_C_LANGUAGE_STANDARD = gnu99;
				GCC_WARN_ABOUT_RETURN_TYPE = YES;
				GCC_WARN_UNINITIALIZED_AUTOS = YES;
				GCC_WARN_UNUSED_VARIABLE = YES;
				IPHONEOS_DEPLOYMENT_TARGET = 6.1;
				OTHER_CFLAGS = "-DNS_BLOCK_ASSERTIONS=1";
				SDKROOT = iphoneos;
				TARGETED_DEVICE_FAMILY = 2;
				VALIDATE_PRODUCT = YES;
			};
			name = Release;
		};
		B3EF65A517A11C7E00369805 /* Debug */ = {
			isa = XCBuildConfiguration;
			buildSettings = {
				GCC_PRECOMPILE_PREFIX_HEADER = YES;
				GCC_PREFIX_HEADER = "MailClient/MailClient-Prefix.pch";
				"HEADER_SEARCH_PATHS[arch=*]" = "\"$(BUILT_PRODUCTS_DIR)/../../include\"";
				INFOPLIST_FILE = "MailClient/MailClient-Info.plist";
				"OTHER_LDFLAGS[arch=*]" = "-ObjC";
				PRODUCT_NAME = "$(TARGET_NAME)";
				"USER_HEADER_SEARCH_PATHS[arch=*]" = "Externals/DTCoreText/Core/**";
				WRAPPER_EXTENSION = app;
			};
			name = Debug;
		};
		B3EF65A617A11C7E00369805 /* Release */ = {
			isa = XCBuildConfiguration;
			buildSettings = {
				GCC_PRECOMPILE_PREFIX_HEADER = YES;
				GCC_PREFIX_HEADER = "MailClient/MailClient-Prefix.pch";
				"HEADER_SEARCH_PATHS[arch=*]" = "\"$(BUILT_PRODUCTS_DIR)/../../include\"";
				INFOPLIST_FILE = "MailClient/MailClient-Info.plist";
				"OTHER_LDFLAGS[arch=*]" = "-ObjC";
				PRODUCT_NAME = "$(TARGET_NAME)";
				"USER_HEADER_SEARCH_PATHS[arch=*]" = "Externals/DTCoreText/Core/**";
				WRAPPER_EXTENSION = app;
			};
			name = Release;
		};
/* End XCBuildConfiguration section */

/* Begin XCConfigurationList section */
		B3EF657417A11C7D00369805 /* Build configuration list for PBXProject "MailClient" */ = {
			isa = XCConfigurationList;
			buildConfigurations = (
				B3EF65A217A11C7E00369805 /* Debug */,
				B3EF65A317A11C7E00369805 /* Release */,
			);
			defaultConfigurationIsVisible = 0;
			defaultConfigurationName = Release;
		};
		B3EF65A417A11C7E00369805 /* Build configuration list for PBXNativeTarget "MailClient" */ = {
			isa = XCConfigurationList;
			buildConfigurations = (
				B3EF65A517A11C7E00369805 /* Debug */,
				B3EF65A617A11C7E00369805 /* Release */,
			);
			defaultConfigurationIsVisible = 0;
			defaultConfigurationName = Release;
		};
/* End XCConfigurationList section */

/* Begin XCVersionGroup section */
		B3EF659917A11C7E00369805 /* MailClient.xcdatamodeld */ = {
			isa = XCVersionGroup;
			children = (
				B3EF659A17A11C7E00369805 /* MailClient.xcdatamodel */,
			);
			currentVersion = B3EF659A17A11C7E00369805 /* MailClient.xcdatamodel */;
			path = MailClient.xcdatamodeld;
			sourceTree = "<group>";
			versionGroupType = wrapper.xcdatamodel;
		};
/* End XCVersionGroup section */
	};
	rootObject = B3EF657117A11C7D00369805 /* Project object */;
}
