// !$*UTF8*$!
{
	archiveVersion = 1;
	classes = {
	};
	objectVersion = 46;
	objects = {

/* Begin PBXBuildFile section */
		B327FD1117A53CD300D3D29F /* copymove-cell-bg.png in Resources */ = {isa = PBXBuildFile; fileRef = B327FD0A17A53CD300D3D29F /* copymove-cell-bg.png */; };
		B327FD1217A53CD300D3D29F /* item-counter.png in Resources */ = {isa = PBXBuildFile; fileRef = B327FD0B17A53CD300D3D29F /* item-counter.png */; };
		B327FD1317A53CD300D3D29F /* item-counter@2x.png in Resources */ = {isa = PBXBuildFile; fileRef = B327FD0C17A53CD300D3D29F /* item-counter@2x.png */; };
		B327FD1417A53CD300D3D29F /* item-icon-folder-selected.png in Resources */ = {isa = PBXBuildFile; fileRef = B327FD0D17A53CD300D3D29F /* item-icon-folder-selected.png */; };
		B327FD1517A53CD300D3D29F /* item-icon-folder-selected@2x.png in Resources */ = {isa = PBXBuildFile; fileRef = B327FD0E17A53CD300D3D29F /* item-icon-folder-selected@2x.png */; };
		B327FD1617A53CD300D3D29F /* item-icon-folder.png in Resources */ = {isa = PBXBuildFile; fileRef = B327FD0F17A53CD300D3D29F /* item-icon-folder.png */; };
		B327FD1717A53CD300D3D29F /* item-icon-folder@2x.png in Resources */ = {isa = PBXBuildFile; fileRef = B327FD1017A53CD300D3D29F /* item-icon-folder@2x.png */; };
		B327FD1D17A570DA00D3D29F /* MCTreeTableViewCell.m in Sources */ = {isa = PBXBuildFile; fileRef = B327FD1C17A570DA00D3D29F /* MCTreeTableViewCell.m */; };
		B327FD2017A5730400D3D29F /* mail_open.png in Resources */ = {isa = PBXBuildFile; fileRef = B327FD1E17A5730300D3D29F /* mail_open.png */; };
		B327FD2117A5730400D3D29F /* mail.png in Resources */ = {isa = PBXBuildFile; fileRef = B327FD1F17A5730300D3D29F /* mail.png */; };
		B327FD2417A5745B00D3D29F /* CircleArrowDown_sml.png in Resources */ = {isa = PBXBuildFile; fileRef = B327FD2217A5745B00D3D29F /* CircleArrowDown_sml.png */; };
		B327FD2517A5745B00D3D29F /* CircleArrowRight_sml.png in Resources */ = {isa = PBXBuildFile; fileRef = B327FD2317A5745B00D3D29F /* CircleArrowRight_sml.png */; };
		B327FD3017A59A9500D3D29F /* MCController.m in Sources */ = {isa = PBXBuildFile; fileRef = B327FD2F17A59A9500D3D29F /* MCController.m */; };
		B32E63DE17A2EC25004236A0 /* libDTCoreText.a in Frameworks */ = {isa = PBXBuildFile; fileRef = B32E63D317A2EAC3004236A0 /* libDTCoreText.a */; };
		B32E63E017A2EC41004236A0 /* libxml2.dylib in Frameworks */ = {isa = PBXBuildFile; fileRef = B32E63DF17A2EC41004236A0 /* libxml2.dylib */; };
		B32E63E217A2EC49004236A0 /* ImageIO.framework in Frameworks */ = {isa = PBXBuildFile; fileRef = B32E63E117A2EC49004236A0 /* ImageIO.framework */; };
		B32E63E417A2EC4F004236A0 /* QuartzCore.framework in Frameworks */ = {isa = PBXBuildFile; fileRef = B32E63E317A2EC4F004236A0 /* QuartzCore.framework */; };
		B32E63E617A2EC59004236A0 /* CoreText.framework in Frameworks */ = {isa = PBXBuildFile; fileRef = B32E63E517A2EC59004236A0 /* CoreText.framework */; };
		B32E63E817A2EC61004236A0 /* MobileCoreServices.framework in Frameworks */ = {isa = PBXBuildFile; fileRef = B32E63E717A2EC61004236A0 /* MobileCoreServices.framework */; };
		B3D479B117A6F89E0067C957 /* Security.framework in Frameworks */ = {isa = PBXBuildFile; fileRef = B3D479B017A6F89E0067C957 /* Security.framework */; };
		B3D479C417A70AE70067C957 /* create-email-nav-bar-button.png in Resources */ = {isa = PBXBuildFile; fileRef = B3D479C217A70AE40067C957 /* create-email-nav-bar-button.png */; };
		B3D479C517A70AE70067C957 /* create-email-nav-bar-button@2x.png in Resources */ = {isa = PBXBuildFile; fileRef = B3D479C317A70AE50067C957 /* create-email-nav-bar-button@2x.png */; };
		B3D479D517A70D470067C957 /* MCButton.m in Sources */ = {isa = PBXBuildFile; fileRef = B3D479D417A70D470067C957 /* MCButton.m */; };
		B3DA4FD217A998A700420453 /* AddAccountViewController.m in Sources */ = {isa = PBXBuildFile; fileRef = B3DA4FD117A998A700420453 /* AddAccountViewController.m */; };
		B3DA4FD517A9BD8E00420453 /* GoogleMailAccount.m in Sources */ = {isa = PBXBuildFile; fileRef = B3DA4FD417A9BD8E00420453 /* GoogleMailAccount.m */; };
		B3DAB69117AE629400522F46 /* PopoverBackgroundView.m in Sources */ = {isa = PBXBuildFile; fileRef = B3DAB69017AE629400522F46 /* PopoverBackgroundView.m */; };
		B3DC2B6517AABD44003F0802 /* TimeExecutionTracker.m in Sources */ = {isa = PBXBuildFile; fileRef = B3DC2B6417AABD44003F0802 /* TimeExecutionTracker.m */; };
		B3DC9A1117AD2ADF0090D198 /* MCTreeItem.m in Sources */ = {isa = PBXBuildFile; fileRef = B3DC9A1017AD2ADF0090D198 /* MCTreeItem.m */; };
		B3DC9A2817ADACA10090D198 /* PopoverContentViewController.m in Sources */ = {isa = PBXBuildFile; fileRef = B3DC9A2717ADACA10090D198 /* PopoverContentViewController.m */; };
		B3EC9BCC17A6D0FC00F3C78B /* TITokenField.m in Sources */ = {isa = PBXBuildFile; fileRef = B3EC9BCA17A6D0FC00F3C78B /* TITokenField.m */; };
		B3EF657D17A11C7E00369805 /* UIKit.framework in Frameworks */ = {isa = PBXBuildFile; fileRef = B3EF657C17A11C7E00369805 /* UIKit.framework */; };
		B3EF657F17A11C7E00369805 /* Foundation.framework in Frameworks */ = {isa = PBXBuildFile; fileRef = B3EF657E17A11C7E00369805 /* Foundation.framework */; };
		B3EF658117A11C7E00369805 /* CoreGraphics.framework in Frameworks */ = {isa = PBXBuildFile; fileRef = B3EF658017A11C7E00369805 /* CoreGraphics.framework */; };
		B3EF658317A11C7E00369805 /* CoreData.framework in Frameworks */ = {isa = PBXBuildFile; fileRef = B3EF658217A11C7E00369805 /* CoreData.framework */; };
		B3EF658917A11C7E00369805 /* InfoPlist.strings in Resources */ = {isa = PBXBuildFile; fileRef = B3EF658717A11C7E00369805 /* InfoPlist.strings */; };
		B3EF658B17A11C7E00369805 /* main.m in Sources */ = {isa = PBXBuildFile; fileRef = B3EF658A17A11C7E00369805 /* main.m */; };
		B3EF659117A11C7E00369805 /* Default.png in Resources */ = {isa = PBXBuildFile; fileRef = B3EF659017A11C7E00369805 /* Default.png */; };
		B3EF659317A11C7E00369805 /* Default@2x.png in Resources */ = {isa = PBXBuildFile; fileRef = B3EF659217A11C7E00369805 /* Default@2x.png */; };
		B3EF659517A11C7E00369805 /* Default-568h@2x.png in Resources */ = {isa = PBXBuildFile; fileRef = B3EF659417A11C7E00369805 /* Default-568h@2x.png */; };
		B3EF659817A11C7E00369805 /* MainStoryboard.storyboard in Resources */ = {isa = PBXBuildFile; fileRef = B3EF659617A11C7E00369805 /* MainStoryboard.storyboard */; };
		B3EF659B17A11C7E00369805 /* MailClient.xcdatamodeld in Sources */ = {isa = PBXBuildFile; fileRef = B3EF659917A11C7E00369805 /* MailClient.xcdatamodeld */; };
		B3EF65E517A1307000369805 /* libmailcore.a in Frameworks */ = {isa = PBXBuildFile; fileRef = B3EF65BA17A1258300369805 /* libmailcore.a */; };
		B3EF65E717A1308600369805 /* libssl.a in Frameworks */ = {isa = PBXBuildFile; fileRef = B3EF65E617A1308600369805 /* libssl.a */; };
		B3EF65E917A1309800369805 /* libsasl2.a in Frameworks */ = {isa = PBXBuildFile; fileRef = B3EF65E817A1309800369805 /* libsasl2.a */; };
		B3EF65EB17A130A500369805 /* libcrypto.a in Frameworks */ = {isa = PBXBuildFile; fileRef = B3EF65EA17A130A500369805 /* libcrypto.a */; };
		B3EF65ED17A130AF00369805 /* libiconv.dylib in Frameworks */ = {isa = PBXBuildFile; fileRef = B3EF65EC17A130AF00369805 /* libiconv.dylib */; };
		B3EF65EF17A130B700369805 /* CFNetwork.framework in Frameworks */ = {isa = PBXBuildFile; fileRef = B3EF65EE17A130B700369805 /* CFNetwork.framework */; };
		B3EFA06117A522F000012134 /* NSSet+Additions.m in Sources */ = {isa = PBXBuildFile; fileRef = B3EFA05E17A522F000012134 /* NSSet+Additions.m */; };
		B3EFA06217A522F000012134 /* NSString+Additions.m in Sources */ = {isa = PBXBuildFile; fileRef = B3EFA06017A522F000012134 /* NSString+Additions.m */; };
		B3EFA06617A5239100012134 /* AppDelegate.m in Sources */ = {isa = PBXBuildFile; fileRef = B3EFA06517A5239100012134 /* AppDelegate.m */; };
		B3EFA06C17A523B800012134 /* FoldersViewController.m in Sources */ = {isa = PBXBuildFile; fileRef = B3EFA06917A523B800012134 /* FoldersViewController.m */; };
		B3EFA06D17A523B800012134 /* AccountsViewController.m in Sources */ = {isa = PBXBuildFile; fileRef = B3EFA06B17A523B800012134 /* AccountsViewController.m */; };
/* End PBXBuildFile section */

/* Begin PBXContainerItemProxy section */
		B32E63CE17A2EAC3004236A0 /* PBXContainerItemProxy */ = {
			isa = PBXContainerItemProxy;
			containerPortal = B32E63C217A2EAC0004236A0 /* DTCoreText.xcodeproj */;
			proxyType = 2;
			remoteGlobalIDString = 1D6058910D05DD3D006BFB54;
			remoteInfo = DemoApp;
		};
		B32E63D017A2EAC3004236A0 /* PBXContainerItemProxy */ = {
			isa = PBXContainerItemProxy;
			containerPortal = B32E63C217A2EAC0004236A0 /* DTCoreText.xcodeproj */;
			proxyType = 2;
			remoteGlobalIDString = A70F119B14863198009202BF;
			remoteInfo = "Static Framework";
		};
		B32E63D217A2EAC3004236A0 /* PBXContainerItemProxy */ = {
			isa = PBXContainerItemProxy;
			containerPortal = B32E63C217A2EAC0004236A0 /* DTCoreText.xcodeproj */;
			proxyType = 2;
			remoteGlobalIDString = A70F11DE148632CD009202BF;
			remoteInfo = "Static Library";
		};
		B32E63D417A2EAC3004236A0 /* PBXContainerItemProxy */ = {
			isa = PBXContainerItemProxy;
			containerPortal = B32E63C217A2EAC0004236A0 /* DTCoreText.xcodeproj */;
			proxyType = 2;
			remoteGlobalIDString = A788CA681486456100E1AFD9;
			remoteInfo = UnitTest;
		};
		B32E63D617A2EAC3004236A0 /* PBXContainerItemProxy */ = {
			isa = PBXContainerItemProxy;
			containerPortal = B32E63C217A2EAC0004236A0 /* DTCoreText.xcodeproj */;
			proxyType = 2;
			remoteGlobalIDString = A7949A5814CC456000A8CCDE;
			remoteInfo = MacUnitTest;
		};
		B32E63D817A2EAC3004236A0 /* PBXContainerItemProxy */ = {
			isa = PBXContainerItemProxy;
			containerPortal = B32E63C217A2EAC0004236A0 /* DTCoreText.xcodeproj */;
			proxyType = 2;
			remoteGlobalIDString = A7F7EFCD1573603100F5A4D0;
			remoteInfo = "Static Library (no DTFoundation)";
		};
		B32E63DA17A2EAC3004236A0 /* PBXContainerItemProxy */ = {
			isa = PBXContainerItemProxy;
			containerPortal = B32E63C217A2EAC0004236A0 /* DTCoreText.xcodeproj */;
			proxyType = 2;
			remoteGlobalIDString = E2262DC61638331500BFDAD7;
			remoteInfo = "Mac Framework";
		};
		B3EF65B717A1258300369805 /* PBXContainerItemProxy */ = {
			isa = PBXContainerItemProxy;
			containerPortal = B3EF65AC17A1257A00369805 /* MailCore.xcodeproj */;
			proxyType = 2;
			remoteGlobalIDString = 8DC2EF5B0486A6940098B216;
			remoteInfo = MailCore;
		};
		B3EF65B917A1258300369805 /* PBXContainerItemProxy */ = {
			isa = PBXContainerItemProxy;
			containerPortal = B3EF65AC17A1257A00369805 /* MailCore.xcodeproj */;
			proxyType = 2;
			remoteGlobalIDString = F8618B5710DADB5C00C41188;
			remoteInfo = "MailCore iOS";
		};
		B3EF65BB17A1258300369805 /* PBXContainerItemProxy */ = {
			isa = PBXContainerItemProxy;
			containerPortal = B3EF65AC17A1257A00369805 /* MailCore.xcodeproj */;
			proxyType = 2;
			remoteGlobalIDString = F8DFCF4915801A5000C01975;
			remoteInfo = Tests;
		};
		B3EF65F017A1312B00369805 /* PBXContainerItemProxy */ = {
			isa = PBXContainerItemProxy;
			containerPortal = B3EF65AC17A1257A00369805 /* MailCore.xcodeproj */;
			proxyType = 1;
			remoteGlobalIDString = F8618B5610DADB5C00C41188;
			remoteInfo = "MailCore iOS";
		};
/* End PBXContainerItemProxy section */

/* Begin PBXFileReference section */
		B327FD0A17A53CD300D3D29F /* copymove-cell-bg.png */ = {isa = PBXFileReference; lastKnownFileType = image.png; path = "copymove-cell-bg.png"; sourceTree = "<group>"; };
		B327FD0B17A53CD300D3D29F /* item-counter.png */ = {isa = PBXFileReference; lastKnownFileType = image.png; path = "item-counter.png"; sourceTree = "<group>"; };
		B327FD0C17A53CD300D3D29F /* item-counter@2x.png */ = {isa = PBXFileReference; lastKnownFileType = image.png; path = "item-counter@2x.png"; sourceTree = "<group>"; };
		B327FD0D17A53CD300D3D29F /* item-icon-folder-selected.png */ = {isa = PBXFileReference; lastKnownFileType = image.png; path = "item-icon-folder-selected.png"; sourceTree = "<group>"; };
		B327FD0E17A53CD300D3D29F /* item-icon-folder-selected@2x.png */ = {isa = PBXFileReference; lastKnownFileType = image.png; path = "item-icon-folder-selected@2x.png"; sourceTree = "<group>"; };
		B327FD0F17A53CD300D3D29F /* item-icon-folder.png */ = {isa = PBXFileReference; lastKnownFileType = image.png; path = "item-icon-folder.png"; sourceTree = "<group>"; };
		B327FD1017A53CD300D3D29F /* item-icon-folder@2x.png */ = {isa = PBXFileReference; lastKnownFileType = image.png; path = "item-icon-folder@2x.png"; sourceTree = "<group>"; };
		B327FD1B17A570DA00D3D29F /* MCTreeTableViewCell.h */ = {isa = PBXFileReference; fileEncoding = 4; lastKnownFileType = sourcecode.c.h; name = MCTreeTableViewCell.h; path = MCTreeView/MCTreeTableViewCell.h; sourceTree = "<group>"; };
		B327FD1C17A570DA00D3D29F /* MCTreeTableViewCell.m */ = {isa = PBXFileReference; fileEncoding = 4; lastKnownFileType = sourcecode.c.objc; name = MCTreeTableViewCell.m; path = MCTreeView/MCTreeTableViewCell.m; sourceTree = "<group>"; };
		B327FD1E17A5730300D3D29F /* mail_open.png */ = {isa = PBXFileReference; lastKnownFileType = image.png; path = mail_open.png; sourceTree = "<group>"; };
		B327FD1F17A5730300D3D29F /* mail.png */ = {isa = PBXFileReference; lastKnownFileType = image.png; path = mail.png; sourceTree = "<group>"; };
		B327FD2217A5745B00D3D29F /* CircleArrowDown_sml.png */ = {isa = PBXFileReference; lastKnownFileType = image.png; path = CircleArrowDown_sml.png; sourceTree = "<group>"; };
		B327FD2317A5745B00D3D29F /* CircleArrowRight_sml.png */ = {isa = PBXFileReference; lastKnownFileType = image.png; path = CircleArrowRight_sml.png; sourceTree = "<group>"; };
		B327FD2E17A59A9500D3D29F /* MCController.h */ = {isa = PBXFileReference; fileEncoding = 4; lastKnownFileType = sourcecode.c.h; name = MCController.h; path = Misc/MCController.h; sourceTree = "<group>"; };
		B327FD2F17A59A9500D3D29F /* MCController.m */ = {isa = PBXFileReference; fileEncoding = 4; lastKnownFileType = sourcecode.c.objc; name = MCController.m; path = Misc/MCController.m; sourceTree = "<group>"; };
		B32E63C217A2EAC0004236A0 /* DTCoreText.xcodeproj */ = {isa = PBXFileReference; lastKnownFileType = "wrapper.pb-project"; name = DTCoreText.xcodeproj; path = Externals/DTCoreText/DTCoreText.xcodeproj; sourceTree = "<group>"; };
		B32E63DF17A2EC41004236A0 /* libxml2.dylib */ = {isa = PBXFileReference; lastKnownFileType = "compiled.mach-o.dylib"; name = libxml2.dylib; path = usr/lib/libxml2.dylib; sourceTree = SDKROOT; };
		B32E63E117A2EC49004236A0 /* ImageIO.framework */ = {isa = PBXFileReference; lastKnownFileType = wrapper.framework; name = ImageIO.framework; path = System/Library/Frameworks/ImageIO.framework; sourceTree = SDKROOT; };
		B32E63E317A2EC4F004236A0 /* QuartzCore.framework */ = {isa = PBXFileReference; lastKnownFileType = wrapper.framework; name = QuartzCore.framework; path = System/Library/Frameworks/QuartzCore.framework; sourceTree = SDKROOT; };
		B32E63E517A2EC59004236A0 /* CoreText.framework */ = {isa = PBXFileReference; lastKnownFileType = wrapper.framework; name = CoreText.framework; path = System/Library/Frameworks/CoreText.framework; sourceTree = SDKROOT; };
		B32E63E717A2EC61004236A0 /* MobileCoreServices.framework */ = {isa = PBXFileReference; lastKnownFileType = wrapper.framework; name = MobileCoreServices.framework; path = System/Library/Frameworks/MobileCoreServices.framework; sourceTree = SDKROOT; };
		B3D479B017A6F89E0067C957 /* Security.framework */ = {isa = PBXFileReference; lastKnownFileType = wrapper.framework; name = Security.framework; path = System/Library/Frameworks/Security.framework; sourceTree = SDKROOT; };
		B3D479C217A70AE40067C957 /* create-email-nav-bar-button.png */ = {isa = PBXFileReference; lastKnownFileType = image.png; path = "create-email-nav-bar-button.png"; sourceTree = "<group>"; };
		B3D479C317A70AE50067C957 /* create-email-nav-bar-button@2x.png */ = {isa = PBXFileReference; lastKnownFileType = image.png; path = "create-email-nav-bar-button@2x.png"; sourceTree = "<group>"; };
		B3D479D317A70D470067C957 /* MCButton.h */ = {isa = PBXFileReference; fileEncoding = 4; lastKnownFileType = sourcecode.c.h; path = MCButton.h; sourceTree = "<group>"; };
		B3D479D417A70D470067C957 /* MCButton.m */ = {isa = PBXFileReference; fileEncoding = 4; lastKnownFileType = sourcecode.c.objc; path = MCButton.m; sourceTree = "<group>"; };
		B3DA4FD017A998A700420453 /* AddAccountViewController.h */ = {isa = PBXFileReference; fileEncoding = 4; lastKnownFileType = sourcecode.c.h; path = AddAccountViewController.h; sourceTree = "<group>"; };
		B3DA4FD117A998A700420453 /* AddAccountViewController.m */ = {isa = PBXFileReference; fileEncoding = 4; lastKnownFileType = sourcecode.c.objc; path = AddAccountViewController.m; sourceTree = "<group>"; };
		B3DA4FD317A9BD8E00420453 /* GoogleMailAccount.h */ = {isa = PBXFileReference; fileEncoding = 4; lastKnownFileType = sourcecode.c.h; name = GoogleMailAccount.h; path = Model/GoogleMailAccount.h; sourceTree = "<group>"; };
		B3DA4FD417A9BD8E00420453 /* GoogleMailAccount.m */ = {isa = PBXFileReference; fileEncoding = 4; lastKnownFileType = sourcecode.c.objc; name = GoogleMailAccount.m; path = Model/GoogleMailAccount.m; sourceTree = "<group>"; };
		B3DAB68F17AE629400522F46 /* PopoverBackgroundView.h */ = {isa = PBXFileReference; fileEncoding = 4; lastKnownFileType = sourcecode.c.h; path = PopoverBackgroundView.h; sourceTree = "<group>"; };
		B3DAB69017AE629400522F46 /* PopoverBackgroundView.m */ = {isa = PBXFileReference; fileEncoding = 4; lastKnownFileType = sourcecode.c.objc; path = PopoverBackgroundView.m; sourceTree = "<group>"; };
		B3DC2B6317AABD44003F0802 /* TimeExecutionTracker.h */ = {isa = PBXFileReference; fileEncoding = 4; lastKnownFileType = sourcecode.c.h; name = TimeExecutionTracker.h; path = Misc/TimeExecutionTracker.h; sourceTree = "<group>"; };
		B3DC2B6417AABD44003F0802 /* TimeExecutionTracker.m */ = {isa = PBXFileReference; fileEncoding = 4; lastKnownFileType = sourcecode.c.objc; name = TimeExecutionTracker.m; path = Misc/TimeExecutionTracker.m; sourceTree = "<group>"; };
		B3DC2B7117AAE7BA003F0802 /* Constants.h */ = {isa = PBXFileReference; lastKnownFileType = sourcecode.c.h; name = Constants.h; path = Misc/Constants.h; sourceTree = "<group>"; };
		B3DC9A0F17AD2ADF0090D198 /* MCTreeItem.h */ = {isa = PBXFileReference; fileEncoding = 4; lastKnownFileType = sourcecode.c.h; name = MCTreeItem.h; path = MCTreeView/MCTreeItem.h; sourceTree = "<group>"; };
		B3DC9A1017AD2ADF0090D198 /* MCTreeItem.m */ = {isa = PBXFileReference; fileEncoding = 4; lastKnownFileType = sourcecode.c.objc; name = MCTreeItem.m; path = MCTreeView/MCTreeItem.m; sourceTree = "<group>"; };
		B3DC9A1C17AD39ED0090D198 /* AppConfig.h */ = {isa = PBXFileReference; fileEncoding = 4; lastKnownFileType = sourcecode.c.h; path = AppConfig.h; sourceTree = "<group>"; };
		B3DC9A2617ADACA10090D198 /* PopoverContentViewController.h */ = {isa = PBXFileReference; fileEncoding = 4; lastKnownFileType = sourcecode.c.h; path = PopoverContentViewController.h; sourceTree = "<group>"; };
		B3DC9A2717ADACA10090D198 /* PopoverContentViewController.m */ = {isa = PBXFileReference; fileEncoding = 4; lastKnownFileType = sourcecode.c.objc; path = PopoverContentViewController.m; sourceTree = "<group>"; };
		B3EC9BC917A6D0FC00F3C78B /* TITokenField.h */ = {isa = PBXFileReference; fileEncoding = 4; lastKnownFileType = sourcecode.c.h; path = TITokenField.h; sourceTree = "<group>"; };
		B3EC9BCA17A6D0FC00F3C78B /* TITokenField.m */ = {isa = PBXFileReference; fileEncoding = 4; lastKnownFileType = sourcecode.c.objc; path = TITokenField.m; sourceTree = "<group>"; };
		B3EF657917A11C7E00369805 /* MailClient.app */ = {isa = PBXFileReference; explicitFileType = wrapper.application; includeInIndex = 0; path = MailClient.app; sourceTree = BUILT_PRODUCTS_DIR; };
		B3EF657C17A11C7E00369805 /* UIKit.framework */ = {isa = PBXFileReference; lastKnownFileType = wrapper.framework; name = UIKit.framework; path = System/Library/Frameworks/UIKit.framework; sourceTree = SDKROOT; };
		B3EF657E17A11C7E00369805 /* Foundation.framework */ = {isa = PBXFileReference; lastKnownFileType = wrapper.framework; name = Foundation.framework; path = System/Library/Frameworks/Foundation.framework; sourceTree = SDKROOT; };
		B3EF658017A11C7E00369805 /* CoreGraphics.framework */ = {isa = PBXFileReference; lastKnownFileType = wrapper.framework; name = CoreGraphics.framework; path = System/Library/Frameworks/CoreGraphics.framework; sourceTree = SDKROOT; };
		B3EF658217A11C7E00369805 /* CoreData.framework */ = {isa = PBXFileReference; lastKnownFileType = wrapper.framework; name = CoreData.framework; path = System/Library/Frameworks/CoreData.framework; sourceTree = SDKROOT; };
		B3EF658617A11C7E00369805 /* MailClient-Info.plist */ = {isa = PBXFileReference; lastKnownFileType = text.plist.xml; path = "MailClient-Info.plist"; sourceTree = "<group>"; };
		B3EF658817A11C7E00369805 /* en */ = {isa = PBXFileReference; lastKnownFileType = text.plist.strings; name = en; path = en.lproj/InfoPlist.strings; sourceTree = "<group>"; };
		B3EF658A17A11C7E00369805 /* main.m */ = {isa = PBXFileReference; lastKnownFileType = sourcecode.c.objc; path = main.m; sourceTree = "<group>"; };
		B3EF658C17A11C7E00369805 /* MailClient-Prefix.pch */ = {isa = PBXFileReference; lastKnownFileType = sourcecode.c.h; path = "MailClient-Prefix.pch"; sourceTree = "<group>"; };
		B3EF659017A11C7E00369805 /* Default.png */ = {isa = PBXFileReference; lastKnownFileType = image.png; path = Default.png; sourceTree = "<group>"; };
		B3EF659217A11C7E00369805 /* Default@2x.png */ = {isa = PBXFileReference; lastKnownFileType = image.png; path = "Default@2x.png"; sourceTree = "<group>"; };
		B3EF659417A11C7E00369805 /* Default-568h@2x.png */ = {isa = PBXFileReference; lastKnownFileType = image.png; path = "Default-568h@2x.png"; sourceTree = "<group>"; };
		B3EF659717A11C7E00369805 /* en */ = {isa = PBXFileReference; lastKnownFileType = file.storyboard; name = en; path = en.lproj/MainStoryboard.storyboard; sourceTree = "<group>"; };
		B3EF659A17A11C7E00369805 /* MailClient.xcdatamodel */ = {isa = PBXFileReference; lastKnownFileType = wrapper.xcdatamodel; path = MailClient.xcdatamodel; sourceTree = "<group>"; };
		B3EF65AC17A1257A00369805 /* MailCore.xcodeproj */ = {isa = PBXFileReference; lastKnownFileType = "wrapper.pb-project"; name = MailCore.xcodeproj; path = ../MailCore/MailCore.xcodeproj; sourceTree = "<group>"; };
		B3EF65E617A1308600369805 /* libssl.a */ = {isa = PBXFileReference; lastKnownFileType = archive.ar; name = libssl.a; path = "../MailCore/iOSPorts/ports/security/openssl/build/Release-iphoneos/libssl.a"; sourceTree = "<group>"; };
		B3EF65E817A1309800369805 /* libsasl2.a */ = {isa = PBXFileReference; lastKnownFileType = archive.ar; name = libsasl2.a; path = "../MailCore/iOSPorts/ports/security/cyrus-sasl/build/Release-iphoneos/libsasl2.a"; sourceTree = "<group>"; };
		B3EF65EA17A130A500369805 /* libcrypto.a */ = {isa = PBXFileReference; lastKnownFileType = archive.ar; name = libcrypto.a; path = "../MailCore/iOSPorts/ports/security/openssl/build/Release-iphoneos/libcrypto.a"; sourceTree = "<group>"; };
		B3EF65EC17A130AF00369805 /* libiconv.dylib */ = {isa = PBXFileReference; lastKnownFileType = "compiled.mach-o.dylib"; name = libiconv.dylib; path = usr/lib/libiconv.dylib; sourceTree = SDKROOT; };
		B3EF65EE17A130B700369805 /* CFNetwork.framework */ = {isa = PBXFileReference; lastKnownFileType = wrapper.framework; name = CFNetwork.framework; path = System/Library/Frameworks/CFNetwork.framework; sourceTree = SDKROOT; };
		B3EFA05D17A522F000012134 /* NSSet+Additions.h */ = {isa = PBXFileReference; fileEncoding = 4; lastKnownFileType = sourcecode.c.h; path = "NSSet+Additions.h"; sourceTree = "<group>"; };
		B3EFA05E17A522F000012134 /* NSSet+Additions.m */ = {isa = PBXFileReference; fileEncoding = 4; lastKnownFileType = sourcecode.c.objc; path = "NSSet+Additions.m"; sourceTree = "<group>"; };
		B3EFA05F17A522F000012134 /* NSString+Additions.h */ = {isa = PBXFileReference; fileEncoding = 4; lastKnownFileType = sourcecode.c.h; path = "NSString+Additions.h"; sourceTree = "<group>"; };
		B3EFA06017A522F000012134 /* NSString+Additions.m */ = {isa = PBXFileReference; fileEncoding = 4; lastKnownFileType = sourcecode.c.objc; path = "NSString+Additions.m"; sourceTree = "<group>"; };
		B3EFA06417A5239100012134 /* AppDelegate.h */ = {isa = PBXFileReference; fileEncoding = 4; lastKnownFileType = sourcecode.c.h; path = AppDelegate.h; sourceTree = "<group>"; };
		B3EFA06517A5239100012134 /* AppDelegate.m */ = {isa = PBXFileReference; fileEncoding = 4; lastKnownFileType = sourcecode.c.objc; path = AppDelegate.m; sourceTree = "<group>"; };
		B3EFA06817A523B800012134 /* FoldersViewController.h */ = {isa = PBXFileReference; fileEncoding = 4; lastKnownFileType = sourcecode.c.h; path = FoldersViewController.h; sourceTree = "<group>"; };
		B3EFA06917A523B800012134 /* FoldersViewController.m */ = {isa = PBXFileReference; fileEncoding = 4; lastKnownFileType = sourcecode.c.objc; path = FoldersViewController.m; sourceTree = "<group>"; };
		B3EFA06A17A523B800012134 /* AccountsViewController.h */ = {isa = PBXFileReference; fileEncoding = 4; lastKnownFileType = sourcecode.c.h; path = AccountsViewController.h; sourceTree = "<group>"; };
		B3EFA06B17A523B800012134 /* AccountsViewController.m */ = {isa = PBXFileReference; fileEncoding = 4; lastKnownFileType = sourcecode.c.objc; path = AccountsViewController.m; sourceTree = "<group>"; };
/* End PBXFileReference section */

/* Begin PBXFrameworksBuildPhase section */
		B3EF657617A11C7D00369805 /* Frameworks */ = {
			isa = PBXFrameworksBuildPhase;
			buildActionMask = 2147483647;
			files = (
				B3D479B117A6F89E0067C957 /* Security.framework in Frameworks */,
				B3EF65EF17A130B700369805 /* CFNetwork.framework in Frameworks */,
				B32E63E817A2EC61004236A0 /* MobileCoreServices.framework in Frameworks */,
				B32E63E617A2EC59004236A0 /* CoreText.framework in Frameworks */,
				B32E63E417A2EC4F004236A0 /* QuartzCore.framework in Frameworks */,
				B32E63E217A2EC49004236A0 /* ImageIO.framework in Frameworks */,
				B32E63E017A2EC41004236A0 /* libxml2.dylib in Frameworks */,
				B32E63DE17A2EC25004236A0 /* libDTCoreText.a in Frameworks */,
				B3EF65ED17A130AF00369805 /* libiconv.dylib in Frameworks */,
				B3EF65EB17A130A500369805 /* libcrypto.a in Frameworks */,
				B3EF65E917A1309800369805 /* libsasl2.a in Frameworks */,
				B3EF65E717A1308600369805 /* libssl.a in Frameworks */,
				B3EF65E517A1307000369805 /* libmailcore.a in Frameworks */,
				B3EF657D17A11C7E00369805 /* UIKit.framework in Frameworks */,
				B3EF657F17A11C7E00369805 /* Foundation.framework in Frameworks */,
				B3EF658117A11C7E00369805 /* CoreGraphics.framework in Frameworks */,
				B3EF658317A11C7E00369805 /* CoreData.framework in Frameworks */,
			);
			runOnlyForDeploymentPostprocessing = 0;
		};
/* End PBXFrameworksBuildPhase section */

/* Begin PBXGroup section */
		B327FCFF17A53C7A00D3D29F /* Assets */ = {
			isa = PBXGroup;
			children = (
				B3D479C217A70AE40067C957 /* create-email-nav-bar-button.png */,
				B3D479C317A70AE50067C957 /* create-email-nav-bar-button@2x.png */,
				B327FD2217A5745B00D3D29F /* CircleArrowDown_sml.png */,
				B327FD2317A5745B00D3D29F /* CircleArrowRight_sml.png */,
				B327FD1E17A5730300D3D29F /* mail_open.png */,
				B327FD1F17A5730300D3D29F /* mail.png */,
				B327FD0A17A53CD300D3D29F /* copymove-cell-bg.png */,
				B327FD0B17A53CD300D3D29F /* item-counter.png */,
				B327FD0C17A53CD300D3D29F /* item-counter@2x.png */,
				B327FD0D17A53CD300D3D29F /* item-icon-folder-selected.png */,
				B327FD0E17A53CD300D3D29F /* item-icon-folder-selected@2x.png */,
				B327FD0F17A53CD300D3D29F /* item-icon-folder.png */,
				B327FD1017A53CD300D3D29F /* item-icon-folder@2x.png */,
				B3EF659017A11C7E00369805 /* Default.png */,
				B3EF659217A11C7E00369805 /* Default@2x.png */,
				B3EF659417A11C7E00369805 /* Default-568h@2x.png */,
			);
			name = Assets;
			sourceTree = "<group>";
		};
		B327FD2617A597EA00D3D29F /* Model */ = {
			isa = PBXGroup;
			children = (
				B3DA4FD317A9BD8E00420453 /* GoogleMailAccount.h */,
				B3DA4FD417A9BD8E00420453 /* GoogleMailAccount.m */,
			);
			name = Model;
			sourceTree = "<group>";
		};
		B327FD2D17A59A6300D3D29F /* Misc */ = {
			isa = PBXGroup;
			children = (
				B327FD2E17A59A9500D3D29F /* MCController.h */,
				B327FD2F17A59A9500D3D29F /* MCController.m */,
				B3DC2B6317AABD44003F0802 /* TimeExecutionTracker.h */,
				B3DC2B6417AABD44003F0802 /* TimeExecutionTracker.m */,
				B3DC2B7117AAE7BA003F0802 /* Constants.h */,
			);
			name = Misc;
			sourceTree = "<group>";
		};
		B32E63C317A2EAC0004236A0 /* Products */ = {
			isa = PBXGroup;
			children = (
				B32E63CF17A2EAC3004236A0 /* RTDemoApp.app */,
				B32E63D117A2EAC3004236A0 /* DTCoreText.framework */,
				B32E63D317A2EAC3004236A0 /* libDTCoreText.a */,
				B32E63D517A2EAC3004236A0 /* UnitTest.octest */,
				B32E63D717A2EAC3004236A0 /* MacUnitTest.octest */,
				B32E63D917A2EAC3004236A0 /* libDTCoreText_no_DTFoundation.a */,
				B32E63DB17A2EAC3004236A0 /* DTCoreText.framework */,
			);
			name = Products;
			sourceTree = "<group>";
		};
		B3DC2B7017AAE671003F0802 /* Add Account */ = {
			isa = PBXGroup;
			children = (
				B3DA4FD017A998A700420453 /* AddAccountViewController.h */,
				B3DA4FD117A998A700420453 /* AddAccountViewController.m */,
			);
			name = "Add Account";
			sourceTree = "<group>";
		};
		B3DC9A1D17ADA5740090D198 /* Accounts */ = {
			isa = PBXGroup;
			children = (
				B3EFA06A17A523B800012134 /* AccountsViewController.h */,
				B3EFA06B17A523B800012134 /* AccountsViewController.m */,
			);
			name = Accounts;
			sourceTree = "<group>";
		};
		B3DC9A1E17ADA59D0090D198 /* Folders */ = {
			isa = PBXGroup;
			children = (
				B3EFA06817A523B800012134 /* FoldersViewController.h */,
				B3EFA06917A523B800012134 /* FoldersViewController.m */,
			);
			name = Folders;
			sourceTree = "<group>";
		};
		B3DC9A1F17ADABD70090D198 /* Popover */ = {
			isa = PBXGroup;
			children = (
				B3DC9A2617ADACA10090D198 /* PopoverContentViewController.h */,
				B3DC9A2717ADACA10090D198 /* PopoverContentViewController.m */,
				B3DAB68F17AE629400522F46 /* PopoverBackgroundView.h */,
				B3DAB69017AE629400522F46 /* PopoverBackgroundView.m */,
			);
			name = Popover;
			sourceTree = "<group>";
		};
		B3E7D6FF17A850F400C46AF8 /* Views */ = {
			isa = PBXGroup;
			children = (
				B3D479D317A70D470067C957 /* MCButton.h */,
				B3D479D417A70D470067C957 /* MCButton.m */,
			);
			name = Views;
			sourceTree = "<group>";
		};
		B3EC9BC517A6D0FC00F3C78B /* Vendor */ = {
			isa = PBXGroup;
			children = (
				B3EC9BC617A6D0FC00F3C78B /* TITokenField */,
			);
			path = Vendor;
			sourceTree = SOURCE_ROOT;
		};
		B3EC9BC617A6D0FC00F3C78B /* TITokenField */ = {
			isa = PBXGroup;
			children = (
				B3EC9BC917A6D0FC00F3C78B /* TITokenField.h */,
				B3EC9BCA17A6D0FC00F3C78B /* TITokenField.m */,
			);
			path = TITokenField;
			sourceTree = "<group>";
		};
		B3EF657017A11C7D00369805 = {
			isa = PBXGroup;
			children = (
				B32E63C217A2EAC0004236A0 /* DTCoreText.xcodeproj */,
				B3EF65AC17A1257A00369805 /* MailCore.xcodeproj */,
				B3EF658417A11C7E00369805 /* MailClient */,
				B3EF657B17A11C7E00369805 /* Frameworks */,
				B3EF657A17A11C7E00369805 /* Products */,
			);
			sourceTree = "<group>";
		};
		B3EF657A17A11C7E00369805 /* Products */ = {
			isa = PBXGroup;
			children = (
				B3EF657917A11C7E00369805 /* MailClient.app */,
			);
			name = Products;
			sourceTree = "<group>";
		};
		B3EF657B17A11C7E00369805 /* Frameworks */ = {
			isa = PBXGroup;
			children = (
				B3D479B017A6F89E0067C957 /* Security.framework */,
				B32E63DF17A2EC41004236A0 /* libxml2.dylib */,
				B3EF65EC17A130AF00369805 /* libiconv.dylib */,
				B3EF65EA17A130A500369805 /* libcrypto.a */,
				B3EF65E817A1309800369805 /* libsasl2.a */,
				B3EF65E617A1308600369805 /* libssl.a */,
				B32E63E717A2EC61004236A0 /* MobileCoreServices.framework */,
				B32E63E517A2EC59004236A0 /* CoreText.framework */,
				B32E63E317A2EC4F004236A0 /* QuartzCore.framework */,
				B32E63E117A2EC49004236A0 /* ImageIO.framework */,
				B3EF65EE17A130B700369805 /* CFNetwork.framework */,
				B3EF657C17A11C7E00369805 /* UIKit.framework */,
				B3EF657E17A11C7E00369805 /* Foundation.framework */,
				B3EF658017A11C7E00369805 /* CoreGraphics.framework */,
				B3EF658217A11C7E00369805 /* CoreData.framework */,
			);
			name = Frameworks;
			sourceTree = "<group>";
		};
		B3EF658417A11C7E00369805 /* MailClient */ = {
			isa = PBXGroup;
			children = (
				B3EF659617A11C7E00369805 /* MainStoryboard.storyboard */,
				B3EF659917A11C7E00369805 /* MailClient.xcdatamodeld */,
				B3EFA06317A5239100012134 /* Application */,
				B3EFA06717A523B800012134 /* View Controllers */,
				B327FD2617A597EA00D3D29F /* Model */,
				B3E7D6FF17A850F400C46AF8 /* Views */,
				B3EFA05C17A522F000012134 /* Categories */,
				B3EFA05817A5219800012134 /* MCTreeView */,
				B327FD2D17A59A6300D3D29F /* Misc */,
				B3EF658517A11C7E00369805 /* Supporting Files */,
				B3EC9BC517A6D0FC00F3C78B /* Vendor */,
			);
			path = MailClient;
			sourceTree = "<group>";
		};
		B3EF658517A11C7E00369805 /* Supporting Files */ = {
			isa = PBXGroup;
			children = (
				B327FCFF17A53C7A00D3D29F /* Assets */,
				B3EF658617A11C7E00369805 /* MailClient-Info.plist */,
				B3EF658717A11C7E00369805 /* InfoPlist.strings */,
				B3EF658A17A11C7E00369805 /* main.m */,
				B3EF658C17A11C7E00369805 /* MailClient-Prefix.pch */,
			);
			name = "Supporting Files";
			sourceTree = "<group>";
		};
		B3EF65AD17A1257A00369805 /* Products */ = {
			isa = PBXGroup;
			children = (
				B3EF65B817A1258300369805 /* MailCore.framework */,
				B3EF65BA17A1258300369805 /* libmailcore.a */,
				B3EF65BC17A1258300369805 /* Tests.octest */,
			);
			name = Products;
			sourceTree = "<group>";
		};
		B3EFA05817A5219800012134 /* MCTreeView */ = {
			isa = PBXGroup;
			children = (
				B3DC9A0F17AD2ADF0090D198 /* MCTreeItem.h */,
				B3DC9A1017AD2ADF0090D198 /* MCTreeItem.m */,
				B327FD1B17A570DA00D3D29F /* MCTreeTableViewCell.h */,
				B327FD1C17A570DA00D3D29F /* MCTreeTableViewCell.m */,
			);
			name = MCTreeView;
			sourceTree = "<group>";
		};
		B3EFA05C17A522F000012134 /* Categories */ = {
			isa = PBXGroup;
			children = (
				B3EFA05D17A522F000012134 /* NSSet+Additions.h */,
				B3EFA05E17A522F000012134 /* NSSet+Additions.m */,
				B3EFA05F17A522F000012134 /* NSString+Additions.h */,
				B3EFA06017A522F000012134 /* NSString+Additions.m */,
			);
			path = Categories;
			sourceTree = "<group>";
		};
		B3EFA06317A5239100012134 /* Application */ = {
			isa = PBXGroup;
			children = (
				B3DC9A1C17AD39ED0090D198 /* AppConfig.h */,
				B3EFA06417A5239100012134 /* AppDelegate.h */,
				B3EFA06517A5239100012134 /* AppDelegate.m */,
			);
			path = Application;
			sourceTree = "<group>";
		};
		B3EFA06717A523B800012134 /* View Controllers */ = {
			isa = PBXGroup;
			children = (
				B3DC9A1D17ADA5740090D198 /* Accounts */,
				B3DC9A1E17ADA59D0090D198 /* Folders */,
				B3DC2B7017AAE671003F0802 /* Add Account */,
				B3DC9A1F17ADABD70090D198 /* Popover */,
			);
			path = "View Controllers";
			sourceTree = "<group>";
		};
/* End PBXGroup section */

/* Begin PBXNativeTarget section */
		B3EF657817A11C7D00369805 /* MailClient */ = {
			isa = PBXNativeTarget;
			buildConfigurationList = B3EF65A417A11C7E00369805 /* Build configuration list for PBXNativeTarget "MailClient" */;
			buildPhases = (
				B3EF657517A11C7D00369805 /* Sources */,
				B3EF657617A11C7D00369805 /* Frameworks */,
				B3EF657717A11C7D00369805 /* Resources */,
			);
			buildRules = (
			);
			dependencies = (
				B3EF65F117A1312B00369805 /* PBXTargetDependency */,
			);
			name = MailClient;
			productName = MailClient;
			productReference = B3EF657917A11C7E00369805 /* MailClient.app */;
			productType = "com.apple.product-type.application";
		};
/* End PBXNativeTarget section */

/* Begin PBXProject section */
		B3EF657117A11C7D00369805 /* Project object */ = {
			isa = PBXProject;
			attributes = {
				LastUpgradeCheck = 0460;
				ORGANIZATIONNAME = pvllnspk;
			};
			buildConfigurationList = B3EF657417A11C7D00369805 /* Build configuration list for PBXProject "MailClient" */;
			compatibilityVersion = "Xcode 3.2";
			developmentRegion = English;
			hasScannedForEncodings = 0;
			knownRegions = (
				en,
			);
			mainGroup = B3EF657017A11C7D00369805;
			productRefGroup = B3EF657A17A11C7E00369805 /* Products */;
			projectDirPath = "";
			projectReferences = (
				{
					ProductGroup = B32E63C317A2EAC0004236A0 /* Products */;
					ProjectRef = B32E63C217A2EAC0004236A0 /* DTCoreText.xcodeproj */;
				},
				{
					ProductGroup = B3EF65AD17A1257A00369805 /* Products */;
					ProjectRef = B3EF65AC17A1257A00369805 /* MailCore.xcodeproj */;
				},
			);
			projectRoot = "";
			targets = (
				B3EF657817A11C7D00369805 /* MailClient */,
			);
		};
/* End PBXProject section */

/* Begin PBXReferenceProxy section */
		B32E63CF17A2EAC3004236A0 /* RTDemoApp.app */ = {
			isa = PBXReferenceProxy;
			fileType = wrapper.application;
			path = RTDemoApp.app;
			remoteRef = B32E63CE17A2EAC3004236A0 /* PBXContainerItemProxy */;
			sourceTree = BUILT_PRODUCTS_DIR;
		};
		B32E63D117A2EAC3004236A0 /* DTCoreText.framework */ = {
			isa = PBXReferenceProxy;
			fileType = wrapper.cfbundle;
			path = DTCoreText.framework;
			remoteRef = B32E63D017A2EAC3004236A0 /* PBXContainerItemProxy */;
			sourceTree = BUILT_PRODUCTS_DIR;
		};
		B32E63D317A2EAC3004236A0 /* libDTCoreText.a */ = {
			isa = PBXReferenceProxy;
			fileType = archive.ar;
			path = libDTCoreText.a;
			remoteRef = B32E63D217A2EAC3004236A0 /* PBXContainerItemProxy */;
			sourceTree = BUILT_PRODUCTS_DIR;
		};
		B32E63D517A2EAC3004236A0 /* UnitTest.octest */ = {
			isa = PBXReferenceProxy;
			fileType = wrapper.cfbundle;
			path = UnitTest.octest;
			remoteRef = B32E63D417A2EAC3004236A0 /* PBXContainerItemProxy */;
			sourceTree = BUILT_PRODUCTS_DIR;
		};
		B32E63D717A2EAC3004236A0 /* MacUnitTest.octest */ = {
			isa = PBXReferenceProxy;
			fileType = wrapper.cfbundle;
			path = MacUnitTest.octest;
			remoteRef = B32E63D617A2EAC3004236A0 /* PBXContainerItemProxy */;
			sourceTree = BUILT_PRODUCTS_DIR;
		};
		B32E63D917A2EAC3004236A0 /* libDTCoreText_no_DTFoundation.a */ = {
			isa = PBXReferenceProxy;
			fileType = archive.ar;
			path = libDTCoreText_no_DTFoundation.a;
			remoteRef = B32E63D817A2EAC3004236A0 /* PBXContainerItemProxy */;
			sourceTree = BUILT_PRODUCTS_DIR;
		};
		B32E63DB17A2EAC3004236A0 /* DTCoreText.framework */ = {
			isa = PBXReferenceProxy;
			fileType = wrapper.framework;
			path = DTCoreText.framework;
			remoteRef = B32E63DA17A2EAC3004236A0 /* PBXContainerItemProxy */;
			sourceTree = BUILT_PRODUCTS_DIR;
		};
		B3EF65B817A1258300369805 /* MailCore.framework */ = {
			isa = PBXReferenceProxy;
			fileType = wrapper.framework;
			path = MailCore.framework;
			remoteRef = B3EF65B717A1258300369805 /* PBXContainerItemProxy */;
			sourceTree = BUILT_PRODUCTS_DIR;
		};
		B3EF65BA17A1258300369805 /* libmailcore.a */ = {
			isa = PBXReferenceProxy;
			fileType = archive.ar;
			path = libmailcore.a;
			remoteRef = B3EF65B917A1258300369805 /* PBXContainerItemProxy */;
			sourceTree = BUILT_PRODUCTS_DIR;
		};
		B3EF65BC17A1258300369805 /* Tests.octest */ = {
			isa = PBXReferenceProxy;
			fileType = wrapper.cfbundle;
			path = Tests.octest;
			remoteRef = B3EF65BB17A1258300369805 /* PBXContainerItemProxy */;
			sourceTree = BUILT_PRODUCTS_DIR;
		};
/* End PBXReferenceProxy section */

/* Begin PBXResourcesBuildPhase section */
		B3EF657717A11C7D00369805 /* Resources */ = {
			isa = PBXResourcesBuildPhase;
			buildActionMask = 2147483647;
			files = (
				B3EF658917A11C7E00369805 /* InfoPlist.strings in Resources */,
				B3EF659117A11C7E00369805 /* Default.png in Resources */,
				B3EF659317A11C7E00369805 /* Default@2x.png in Resources */,
				B3EF659517A11C7E00369805 /* Default-568h@2x.png in Resources */,
				B3EF659817A11C7E00369805 /* MainStoryboard.storyboard in Resources */,
				B327FD1117A53CD300D3D29F /* copymove-cell-bg.png in Resources */,
				B327FD1217A53CD300D3D29F /* item-counter.png in Resources */,
				B327FD1317A53CD300D3D29F /* item-counter@2x.png in Resources */,
				B327FD1417A53CD300D3D29F /* item-icon-folder-selected.png in Resources */,
				B327FD1517A53CD300D3D29F /* item-icon-folder-selected@2x.png in Resources */,
				B327FD1617A53CD300D3D29F /* item-icon-folder.png in Resources */,
				B327FD1717A53CD300D3D29F /* item-icon-folder@2x.png in Resources */,
				B327FD2017A5730400D3D29F /* mail_open.png in Resources */,
				B327FD2117A5730400D3D29F /* mail.png in Resources */,
				B327FD2417A5745B00D3D29F /* CircleArrowDown_sml.png in Resources */,
				B327FD2517A5745B00D3D29F /* CircleArrowRight_sml.png in Resources */,
				B3D479C417A70AE70067C957 /* create-email-nav-bar-button.png in Resources */,
				B3D479C517A70AE70067C957 /* create-email-nav-bar-button@2x.png in Resources */,
			);
			runOnlyForDeploymentPostprocessing = 0;
		};
/* End PBXResourcesBuildPhase section */

/* Begin PBXSourcesBuildPhase section */
		B3EF657517A11C7D00369805 /* Sources */ = {
			isa = PBXSourcesBuildPhase;
			buildActionMask = 2147483647;
			files = (
				B3EF658B17A11C7E00369805 /* main.m in Sources */,
				B3EF659B17A11C7E00369805 /* MailClient.xcdatamodeld in Sources */,
				B3EFA06117A522F000012134 /* NSSet+Additions.m in Sources */,
				B3EFA06217A522F000012134 /* NSString+Additions.m in Sources */,
				B3EFA06617A5239100012134 /* AppDelegate.m in Sources */,
				B3EFA06C17A523B800012134 /* FoldersViewController.m in Sources */,
				B3EFA06D17A523B800012134 /* AccountsViewController.m in Sources */,
				B327FD1D17A570DA00D3D29F /* MCTreeTableViewCell.m in Sources */,
				B327FD3017A59A9500D3D29F /* MCController.m in Sources */,
				B3EC9BCC17A6D0FC00F3C78B /* TITokenField.m in Sources */,
				B3D479D517A70D470067C957 /* MCButton.m in Sources */,
				B3DA4FD217A998A700420453 /* AddAccountViewController.m in Sources */,
				B3DA4FD517A9BD8E00420453 /* GoogleMailAccount.m in Sources */,
				B3DC2B6517AABD44003F0802 /* TimeExecutionTracker.m in Sources */,
				B3DC9A1117AD2ADF0090D198 /* MCTreeItem.m in Sources */,
				B3DC9A2817ADACA10090D198 /* PopoverContentViewController.m in Sources */,
				B3DAB69117AE629400522F46 /* PopoverBackgroundView.m in Sources */,
			);
			runOnlyForDeploymentPostprocessing = 0;
		};
/* End PBXSourcesBuildPhase section */

/* Begin PBXTargetDependency section */
		B3EF65F117A1312B00369805 /* PBXTargetDependency */ = {
			isa = PBXTargetDependency;
			name = "MailCore iOS";
			targetProxy = B3EF65F017A1312B00369805 /* PBXContainerItemProxy */;
		};
/* End PBXTargetDependency section */

/* Begin PBXVariantGroup section */
		B3EF658717A11C7E00369805 /* InfoPlist.strings */ = {
			isa = PBXVariantGroup;
			children = (
				B3EF658817A11C7E00369805 /* en */,
			);
			name = InfoPlist.strings;
			sourceTree = "<group>";
		};
		B3EF659617A11C7E00369805 /* MainStoryboard.storyboard */ = {
			isa = PBXVariantGroup;
			children = (
				B3EF659717A11C7E00369805 /* en */,
			);
			name = MainStoryboard.storyboard;
			sourceTree = "<group>";
		};
/* End PBXVariantGroup section */

/* Begin XCBuildConfiguration section */
		B3EF65A217A11C7E00369805 /* Debug */ = {
			isa = XCBuildConfiguration;
			buildSettings = {
				ALWAYS_SEARCH_USER_PATHS = NO;
				CLANG_CXX_LANGUAGE_STANDARD = "gnu++0x";
				CLANG_CXX_LIBRARY = "libc++";
				CLANG_ENABLE_OBJC_ARC = YES;
				CLANG_WARN_CONSTANT_CONVERSION = YES;
				CLANG_WARN_EMPTY_BODY = YES;
				CLANG_WARN_ENUM_CONVERSION = YES;
				CLANG_WARN_INT_CONVERSION = YES;
				CLANG_WARN__DUPLICATE_METHOD_MATCH = YES;
				"CODE_SIGN_IDENTITY[sdk=iphoneos*]" = "iPhone Developer";
				COPY_PHASE_STRIP = NO;
				GCC_C_LANGUAGE_STANDARD = gnu99;
				GCC_DYNAMIC_NO_PIC = NO;
				GCC_OPTIMIZATION_LEVEL = 0;
				GCC_PREPROCESSOR_DEFINITIONS = (
					"DEBUG=1",
					"$(inherited)",
				);
				GCC_SYMBOLS_PRIVATE_EXTERN = NO;
				GCC_WARN_ABOUT_RETURN_TYPE = YES;
				GCC_WARN_UNINITIALIZED_AUTOS = YES;
				GCC_WARN_UNUSED_VARIABLE = YES;
				IPHONEOS_DEPLOYMENT_TARGET = 6.1;
				ONLY_ACTIVE_ARCH = YES;
				SDKROOT = iphoneos;
				TARGETED_DEVICE_FAMILY = 2;
			};
			name = Debug;
		};
		B3EF65A317A11C7E00369805 /* Release */ = {
			isa = XCBuildConfiguration;
			buildSettings = {
				ALWAYS_SEARCH_USER_PATHS = NO;
				CLANG_CXX_LANGUAGE_STANDARD = "gnu++0x";
				CLANG_CXX_LIBRARY = "libc++";
				CLANG_ENABLE_OBJC_ARC = YES;
				CLANG_WARN_CONSTANT_CONVERSION = YES;
				CLANG_WARN_EMPTY_BODY = YES;
				CLANG_WARN_ENUM_CONVERSION = YES;
				CLANG_WARN_INT_CONVERSION = YES;
				CLANG_WARN__DUPLICATE_METHOD_MATCH = YES;
				"CODE_SIGN_IDENTITY[sdk=iphoneos*]" = "iPhone Developer";
				COPY_PHASE_STRIP = YES;
				GCC_C_LANGUAGE_STANDARD = gnu99;
				GCC_WARN_ABOUT_RETURN_TYPE = YES;
				GCC_WARN_UNINITIALIZED_AUTOS = YES;
				GCC_WARN_UNUSED_VARIABLE = YES;
				IPHONEOS_DEPLOYMENT_TARGET = 6.1;
				OTHER_CFLAGS = "-DNS_BLOCK_ASSERTIONS=1";
				SDKROOT = iphoneos;
				TARGETED_DEVICE_FAMILY = 2;
				VALIDATE_PRODUCT = YES;
			};
			name = Release;
		};
		B3EF65A517A11C7E00369805 /* Debug */ = {
			isa = XCBuildConfiguration;
			buildSettings = {
				GCC_PRECOMPILE_PREFIX_HEADER = YES;
				GCC_PREFIX_HEADER = "MailClient/MailClient-Prefix.pch";
				"HEADER_SEARCH_PATHS[arch=*]" = "\"$(BUILT_PRODUCTS_DIR)/../../include\"";
				INFOPLIST_FILE = "MailClient/MailClient-Info.plist";
				"OTHER_LDFLAGS[arch=*]" = "-ObjC";
				PRODUCT_NAME = "$(TARGET_NAME)";
				"USER_HEADER_SEARCH_PATHS[arch=*]" = "Externals/DTCoreText/Core/**";
				WRAPPER_EXTENSION = app;
			};
			name = Debug;
		};
		B3EF65A617A11C7E00369805 /* Release */ = {
			isa = XCBuildConfiguration;
			buildSettings = {
				GCC_PRECOMPILE_PREFIX_HEADER = YES;
				GCC_PREFIX_HEADER = "MailClient/MailClient-Prefix.pch";
				"HEADER_SEARCH_PATHS[arch=*]" = "\"$(BUILT_PRODUCTS_DIR)/../../include\"";
				INFOPLIST_FILE = "MailClient/MailClient-Info.plist";
				"OTHER_LDFLAGS[arch=*]" = "-ObjC";
				PRODUCT_NAME = "$(TARGET_NAME)";
				"USER_HEADER_SEARCH_PATHS[arch=*]" = "Externals/DTCoreText/Core/**";
				WRAPPER_EXTENSION = app;
			};
			name = Release;
		};
/* End XCBuildConfiguration section */

/* Begin XCConfigurationList section */
		B3EF657417A11C7D00369805 /* Build configuration list for PBXProject "MailClient" */ = {
			isa = XCConfigurationList;
			buildConfigurations = (
				B3EF65A217A11C7E00369805 /* Debug */,
				B3EF65A317A11C7E00369805 /* Release */,
			);
			defaultConfigurationIsVisible = 0;
			defaultConfigurationName = Release;
		};
		B3EF65A417A11C7E00369805 /* Build configuration list for PBXNativeTarget "MailClient" */ = {
			isa = XCConfigurationList;
			buildConfigurations = (
				B3EF65A517A11C7E00369805 /* Debug */,
				B3EF65A617A11C7E00369805 /* Release */,
			);
			defaultConfigurationIsVisible = 0;
			defaultConfigurationName = Release;
		};
/* End XCConfigurationList section */

/* Begin XCVersionGroup section */
		B3EF659917A11C7E00369805 /* MailClient.xcdatamodeld */ = {
			isa = XCVersionGroup;
			children = (
				B3EF659A17A11C7E00369805 /* MailClient.xcdatamodel */,
			);
			currentVersion = B3EF659A17A11C7E00369805 /* MailClient.xcdatamodel */;
			path = MailClient.xcdatamodeld;
			sourceTree = "<group>";
			versionGroupType = wrapper.xcdatamodel;
		};
/* End XCVersionGroup section */
	};
	rootObject = B3EF657117A11C7D00369805 /* Project object */;
}
